
Microsoft Visual Studio Solution File, Format Version 12.00
# Visual Studio Version 17
VisualStudioVersion = 17.8.34330.188
MinimumVisualStudioVersion = 10.0.40219.1
Project("{9A19103F-16F7-4668-BE54-9A1E7A4F7556}") = "Xelit3.Playground.Blazor.Fluent", "src\Xelit3.Playground.Blazor.Fluent\Xelit3.Playground.Blazor.Fluent.csproj", "{36F906B5-0B55-4342-BAE9-748D7B5DC796}"
EndProject
Project("{9A19103F-16F7-4668-BE54-9A1E7A4F7556}") = "Xelit3.Playground.Blazor.BZorise.Bootstrap", "src\Xelit3.Playground.Blazor.BZorise.Bootstrap\Xelit3.Playground.Blazor.BZorise.Bootstrap.csproj", "{A1DC7779-5205-4482-B4A0-8955DB5AEA3B}"
EndProject
Project("{9A19103F-16F7-4668-BE54-9A1E7A4F7556}") = "Xelit3.Playground.Blazor.BZorise.Tailwind", "src\Xelit3.Playground.Blazor.BZorise.Tailwind\Xelit3.Playground.Blazor.BZorise.Tailwind.csproj", "{D4E67DCF-C5E5-4C83-94EF-2B0E617CFE44}"
EndProject
Project("{9A19103F-16F7-4668-BE54-9A1E7A4F7556}") = "Xelit3.Playground.Blazor.MDBlazor", "src\Xelit3.Playground.Blazor.MDBlazor\Xelit3.Playground.Blazor.MDBlazor.csproj", "{36B902DB-421E-48A3-902E-44A0C82136FE}"
EndProject
Global
	GlobalSection(SolutionConfigurationPlatforms) = preSolution
		Debug|Any CPU = Debug|Any CPU
		Release|Any CPU = Release|Any CPU
	EndGlobalSection
	GlobalSection(ProjectConfigurationPlatforms) = postSolution
		{36F906B5-0B55-4342-BAE9-748D7B5DC796}.Debug|Any CPU.ActiveCfg = Debug|Any CPU
		{36F906B5-0B55-4342-BAE9-748D7B5DC796}.Debug|Any CPU.Build.0 = Debug|Any CPU
		{36F906B5-0B55-4342-BAE9-748D7B5DC796}.Release|Any CPU.ActiveCfg = Release|Any CPU
		{36F906B5-0B55-4342-BAE9-748D7B5DC796}.Release|Any CPU.Build.0 = Release|Any CPU
		{A1DC7779-5205-4482-B4A0-8955DB5AEA3B}.Debug|Any CPU.ActiveCfg = Debug|Any CPU
		{A1DC7779-5205-4482-B4A0-8955DB5AEA3B}.Debug|Any CPU.Build.0 = Debug|Any CPU
		{A1DC7779-5205-4482-B4A0-8955DB5AEA3B}.Release|Any CPU.ActiveCfg = Release|Any CPU
		{A1DC7779-5205-4482-B4A0-8955DB5AEA3B}.Release|Any CPU.Build.0 = Release|Any CPU
		{D4E67DCF-C5E5-4C83-94EF-2B0E617CFE44}.Debug|Any CPU.ActiveCfg = Debug|Any CPU
		{D4E67DCF-C5E5-4C83-94EF-2B0E617CFE44}.Debug|Any CPU.Build.0 = Debug|Any CPU
		{D4E67DCF-C5E5-4C83-94EF-2B0E617CFE44}.Release|Any CPU.ActiveCfg = Release|Any CPU
		{D4E67DCF-C5E5-4C83-94EF-2B0E617CFE44}.Release|Any CPU.Build.0 = Release|Any CPU
		{36B902DB-421E-48A3-902E-44A0C82136FE}.Debug|Any CPU.ActiveCfg = Debug|Any CPU
		{36B902DB-421E-48A3-902E-44A0C82136FE}.Debug|Any CPU.Build.0 = Debug|Any CPU
		{36B902DB-421E-48A3-902E-44A0C82136FE}.Release|Any CPU.ActiveCfg = Release|Any CPU
		{36B902DB-421E-48A3-902E-44A0C82136FE}.Release|Any CPU.Build.0 = Release|Any CPU
	EndGlobalSection
	GlobalSection(SolutionProperties) = preSolution
		HideSolutionNode = FALSE
	EndGlobalSection
	GlobalSection(ExtensibilityGlobals) = postSolution
		SolutionGuid = {26AEA7D0-F7C7-43F0-9D34-3752CEAA7761}
	EndGlobalSection
EndGlobal
