
Microsoft Visual Studio Solution File, Format Version 12.00
# Visual Studio Version 17
VisualStudioVersion = 17.6.33829.357
MinimumVisualStudioVersion = 10.0.40219.1
Project("{9A19103F-16F7-4668-BE54-9A1E7A4F7556}") = "Xelit3.Playground.BlazorWasm.AutomationTests.Playwright", "Xelit3.Playground.BlazorWasm.AutomationTests.Playwright\Xelit3.Playground.BlazorWasm.AutomationTests.Playwright.csproj", "{781E7C47-1424-43AE-A047-B39D6F3CEB41}"
EndProject
Global
	GlobalSection(SolutionConfigurationPlatforms) = preSolution
		Debug|Any CPU = Debug|Any CPU
		Release|Any CPU = Release|Any CPU
	EndGlobalSection
	GlobalSection(ProjectConfigurationPlatforms) = postSolution
		{781E7C47-1424-43AE-A047-B39D6F3CEB41}.Debug|Any CPU.ActiveCfg = Debug|Any CPU
		{781E7C47-1424-43AE-A047-B39D6F3CEB41}.Debug|Any CPU.Build.0 = Debug|Any CPU
		{781E7C47-1424-43AE-A047-B39D6F3CEB41}.Release|Any CPU.ActiveCfg = Release|Any CPU
		{781E7C47-1424-43AE-A047-B39D6F3CEB41}.Release|Any CPU.Build.0 = Release|Any CPU
	EndGlobalSection
	GlobalSection(SolutionProperties) = preSolution
		HideSolutionNode = FALSE
	EndGlobalSection
	GlobalSection(ExtensibilityGlobals) = postSolution
		SolutionGuid = {D9866373-C353-4F1C-B10F-BD83B046F856}
	EndGlobalSection
EndGlobal
