
Microsoft Visual Studio Solution File, Format Version 12.00
# Visual Studio Version 17
VisualStudioVersion = 17.3.32825.248
MinimumVisualStudioVersion = 10.0.40219.1
Project("{9A19103F-16F7-4668-BE54-9A1E7A4F7556}") = "Xelit3.Playground.Benchmarks", "Xelit3.Playground.Benchmarks\Xelit3.Playground.Benchmarks.csproj", "{0EE1E884-37D6-407B-B712-5D744AF62F5A}"
EndProject
Project("{9A19103F-16F7-4668-BE54-9A1E7A4F7556}") = "Xelit3.Playground.Model", "Xelit3.Playground.Model\Xelit3.Playground.Model.csproj", "{2D489611-4B14-4CD3-BAFA-8376D29A96AF}"
EndProject
Project("{9A19103F-16F7-4668-BE54-9A1E7A4F7556}") = "Xelit3.Playground.SqlServer", "Xelit3.Playground.SqlServer\Xelit3.Playground.SqlServer.csproj", "{8A72EE50-118C-45D2-B5F8-BE128F399942}"
EndProject
Project("{9A19103F-16F7-4668-BE54-9A1E7A4F7556}") = "Xelit3.Playground.Samples", "Xelit3.Playground.Samples\Xelit3.Playground.Samples.csproj", "{FD1A9A58-F019-4C7B-B201-5928C263901C}"
EndProject
Project("{2150E333-8FDC-42A3-9474-1A3956D46DE8}") = "1. Samples", "1. Samples", "{974129EE-4601-4759-82B9-8A8C345D05D1}"
EndProject
Project("{2150E333-8FDC-42A3-9474-1A3956D46DE8}") = "3. Shared", "3. Shared", "{7FD31CE0-795C-4686-8CD7-80C9841C4C9A}"
EndProject
Project("{2150E333-8FDC-42A3-9474-1A3956D46DE8}") = "2. Benchmarks", "2. Benchmarks", "{EE0A52EC-6CE9-4B29-A31E-9154319D6812}"
EndProject
Project("{9A19103F-16F7-4668-BE54-9A1E7A4F7556}") = "Xelit3.Playground.AspNetCore.AppSettings", "Xelit3.Playground.AspNetCore.AppSettings\Xelit3.Playground.AspNetCore.AppSettings.csproj", "{3CBED3E3-1844-4323-96FF-37B79F27A255}"
EndProject
Project("{2150E333-8FDC-42A3-9474-1A3956D46DE8}") = "5. Documentation", "5. Documentation", "{50E4A80A-FAB5-497D-9E54-047417409F96}"
	ProjectSection(SolutionItems) = preProject
		.editorConfig = .editorConfig
		..\README.md = ..\README.md
	EndProjectSection
EndProject
Project("{9A19103F-16F7-4668-BE54-9A1E7A4F7556}") = "Xelit3.Playground.BlazorWasm.Server", "Xelit3.Playground.BlazorWasm\Server\Xelit3.Playground.BlazorWasm.Server.csproj", "{D2314958-2A31-41C9-BBD6-B8310FF1FF90}"
EndProject
Project("{9A19103F-16F7-4668-BE54-9A1E7A4F7556}") = "Xelit3.Playground.BlazorWasm.Client", "Xelit3.Playground.BlazorWasm\Client\Xelit3.Playground.BlazorWasm.Client.csproj", "{5B4508EF-1FD5-4212-BE41-43D00E10AB28}"
EndProject
Project("{9A19103F-16F7-4668-BE54-9A1E7A4F7556}") = "Xelit3.Playground.BlazorWasm.Shared", "Xelit3.Playground.BlazorWasm\Shared\Xelit3.Playground.BlazorWasm.Shared.csproj", "{42EB6EA4-A779-40AD-B277-D53702C05C56}"
EndProject
Project("{2150E333-8FDC-42A3-9474-1A3956D46DE8}") = "01. AppSettings", "01. AppSettings", "{3253BB23-D711-4ED8-BF97-9EB907501260}"
EndProject
Project("{2150E333-8FDC-42A3-9474-1A3956D46DE8}") = "02. Blazor", "02. Blazor", "{FF11A4E5-C071-4E3E-A5D4-47719A079F7D}"
EndProject
Project("{2150E333-8FDC-42A3-9474-1A3956D46DE8}") = "03. Testing XP", "03. Testing XP", "{DBEE731C-7C6F-4C62-A0D6-B68D51AA4741}"
EndProject
Project("{2150E333-8FDC-42A3-9474-1A3956D46DE8}") = "04. Dependency Injection", "04. Dependency Injection", "{D7E9D7D4-74C9-4DC9-B363-81F2E10EA62C}"
EndProject
Project("{9A19103F-16F7-4668-BE54-9A1E7A4F7556}") = "Xelit3.Playground.AspNetCore.DI", "Xelit3.Playground.AspNetCore.DI\Xelit3.Playground.AspNetCore.DI.csproj", "{564AE8E0-228A-4765-AC37-D44ED993601E}"
EndProject
Project("{9A19103F-16F7-4668-BE54-9A1E7A4F7556}") = "Xelit3.Playground.Blazor.QuickGrid", "Xelit3.Playground.Blazor.QuickGrid\Xelit3.Playground.Blazor.QuickGrid.csproj", "{B3E72930-8C63-43F1-A8C0-864238FDA2ED}"
EndProject
Project("{2150E333-8FDC-42A3-9474-1A3956D46DE8}") = "05. Coding Style", "05. Coding Style", "{28775C97-A4C4-4880-8A08-22F5A4C7BAB9}"
EndProject
Project("{9A19103F-16F7-4668-BE54-9A1E7A4F7556}") = "Xelit3.Playground.CodingStyle", "Xelit3.Playground.CodingStyle\Xelit3.Playground.CodingStyle.csproj", "{2866CD25-8ECE-442E-A776-B2C08A660023}"
EndProject
Project("{2150E333-8FDC-42A3-9474-1A3956D46DE8}") = "4. Testing Strategy", "4. Testing Strategy", "{3EFBA585-5B3B-4508-901C-4E0E359FAE10}"
EndProject
Project("{9A19103F-16F7-4668-BE54-9A1E7A4F7556}") = "Xelit3.Playground.Users.WebApi", "Xelit3.Playground.Users.WebApi\Xelit3.Playground.Users.WebApi.csproj", "{E3A1391B-9021-41EC-A773-5A031A1D3AB2}"
EndProject
Project("{9A19103F-16F7-4668-BE54-9A1E7A4F7556}") = "Xelit3.Playground.Users.WebUI", "Xelit3.Playground.Users.WebUI\Xelit3.Playground.Users.WebUI.csproj", "{8B9C87A1-0572-48E4-A4DE-CC87B861C35A}"
EndProject
Project("{9A19103F-16F7-4668-BE54-9A1E7A4F7556}") = "Xelit3.Playground.Users.Shared", "Xelit3.Playground.Users.Shared\Xelit3.Playground.Users.Shared.csproj", "{F6E9EF93-449A-45A8-AD9E-BC00DB7E77E0}"
EndProject
Project("{9A19103F-16F7-4668-BE54-9A1E7A4F7556}") = "Xelit3.Playground.Users.WebApi.Tests", "Xelit3.Playground.Users.WebApi.Tests\Xelit3.Playground.Users.WebApi.Tests.csproj", "{D5946A0D-1048-4B01-8A8C-9572423A8EDF}"
EndProject
Project("{2150E333-8FDC-42A3-9474-1A3956D46DE8}") = "06. APIs", "06. APIs", "{D6750043-FF2C-4A4A-A83F-D22B0C2F1FA7}"
EndProject
Project("{9A19103F-16F7-4668-BE54-9A1E7A4F7556}") = "Xelit3.Playground.API.Grpc", "Xelit3.Playground.API.Grpc\Xelit3.Playground.API.Grpc.csproj", "{57DF47B1-D4DC-4BB0-9C26-F6783A7D12BE}"
EndProject
Project("{9A19103F-16F7-4668-BE54-9A1E7A4F7556}") = "Xelit3.Playground.API.Shared", "Xelit3.Playground.API.Shared\Xelit3.Playground.API.Shared.csproj", "{99FB3E82-196E-4770-A0B3-860B0D7E7A51}"
EndProject
Project("{9A19103F-16F7-4668-BE54-9A1E7A4F7556}") = "Xelit3.Playground.API.Grpc.Client", "Xelit3.Playground.API.Grpc.Client\Xelit3.Playground.API.Grpc.Client.csproj", "{7599258D-E10C-4128-A0C4-25DF40DCC4D9}"
EndProject
Project("{2150E333-8FDC-42A3-9474-1A3956D46DE8}") = "07. Auth", "07. Auth", "{8764D644-DDE8-4E91-941B-6BC7A541A6AD}"
EndProject
Project("{9A19103F-16F7-4668-BE54-9A1E7A4F7556}") = "Xelit3.Playground.Identity", "Xelit3.Playground.Identity\Xelit3.Playground.Identity.csproj", "{CC187873-181D-4FF5-B708-10A0E29E30EF}"
EndProject
Project("{9A19103F-16F7-4668-BE54-9A1E7A4F7556}") = "Xelit3.Playground.JWT", "Xelit3.Playground.JWT\Xelit3.Playground.JWT.csproj", "{DFF23B5C-2CB3-4AC1-ABC4-CEBFB78876B4}"
EndProject
Project("{9A19103F-16F7-4668-BE54-9A1E7A4F7556}") = "Xelit3.Playground.BlazorServer", "Xelit3.Playground.BlazorServer\Xelit3.Playground.BlazorServer.csproj", "{5490B01A-1A99-4F61-8821-4D80E4B9801B}"
EndProject
Project("{9A19103F-16F7-4668-BE54-9A1E7A4F7556}") = "Xelit3.Playground.API.GraphQL", "Xelit3.Playground.API.GraphQL\Xelit3.Playground.API.GraphQL.csproj", "{C3A758B7-5636-40A8-8759-D44BDDE75DFA}"
EndProject
Project("{2150E333-8FDC-42A3-9474-1A3956D46DE8}") = "08. Logging", "08. Logging", "{8FD027C5-C153-4638-BA0A-FE2CB5FC43C4}"
EndProject
Project("{9A19103F-16F7-4668-BE54-9A1E7A4F7556}") = "Xelit3.Playground.AspNetCore.Logging.SeqSample", "Xelit3.Playground.AspNetCore.Logging.SeqSample\Xelit3.Playground.AspNetCore.Logging.SeqSample.csproj", "{F30965C5-ABE3-40DE-86AB-8ED496792B54}"
EndProject
Project("{9A19103F-16F7-4668-BE54-9A1E7A4F7556}") = "Xelit3.Playground.Dumbain", "Xelit3.Playground.Dumbain\Xelit3.Playground.Dumbain.csproj", "{1CEEF131-E360-4E9F-9E27-3BA6FEA601B4}"
EndProject
Project("{2150E333-8FDC-42A3-9474-1A3956D46DE8}") = "10. OpenTelemetry", "10. OpenTelemetry", "{B172AB15-D045-4DB2-BA99-3880D532CCA8}"
EndProject
Project("{9A19103F-16F7-4668-BE54-9A1E7A4F7556}") = "Xelit3.Playground.Users.WebUI.Tests", "Xelit3.Playground.Users.WebUI.Tests\Xelit3.Playground.Users.WebUI.Tests.csproj", "{D558B350-52D0-4D9B-928B-99ED011FCC88}"
EndProject
Project("{9A19103F-16F7-4668-BE54-9A1E7A4F7556}") = "Xelit3.Playground.API.Minimal.Rest", "Xelit3.Playground.API.Minimal.Rest\Xelit3.Playground.API.Minimal.Rest.csproj", "{FC8E557F-CD54-431B-852E-448E6AD001FD}"
EndProject
Project("{9A19103F-16F7-4668-BE54-9A1E7A4F7556}") = "Xelit3.Playground.BlazorWasm.AutomationTests.Playwright", "Xelit3.Playground.BlazorWasm.AutomationTests.Playwright\Xelit3.Playground.BlazorWasm.AutomationTests.Playwright.csproj", "{530286E8-B643-474F-899F-282B2E3654FC}"
EndProject
Project("{9A19103F-16F7-4668-BE54-9A1E7A4F7556}") = "Xelit3.Playground.BlazorWasm.IntegrationTests", "Xelit3.Playground.BlazorWasm.IntegrationTests\Xelit3.Playground.BlazorWasm.IntegrationTests.csproj", "{DB9E37B3-E819-4120-8A85-11F1037ADB21}"
EndProject
Project("{9A19103F-16F7-4668-BE54-9A1E7A4F7556}") = "Xelit3.Playground.Users.Automation", "Xelit3.Playground.Users.Automation\Xelit3.Playground.Users.Automation.csproj", "{4C4E90B9-7AA6-4493-8C7D-1F6EF4B323E8}"
EndProject
Project("{2150E333-8FDC-42A3-9474-1A3956D46DE8}") = "09. SignalR", "09. SignalR", "{94B7436B-EC8A-4EFC-B34C-D92F5E4A677D}"
EndProject
Project("{9A19103F-16F7-4668-BE54-9A1E7A4F7556}") = "Xelit3.Playground.SignalR", "Xelit3.Playground.SignalR\Xelit3.Playground.SignalR.csproj", "{224B4E39-DFC8-41A1-BFA8-DC34FA0292E8}"
EndProject
Project("{9A19103F-16F7-4668-BE54-9A1E7A4F7556}") = "Xelit3.Playground.SignalR.Client", "Xelit3.Playground.SignalR.Client\Xelit3.Playground.SignalR.Client.csproj", "{C35B4EE9-C46D-415D-B55A-A29DB1C893DE}"
EndProject
Project("{9A19103F-16F7-4668-BE54-9A1E7A4F7556}") = "Xelit3.Playground.SignalR.Shared", "Xelit3.Playground.SignalR.Shared\Xelit3.Playground.SignalR.Shared.csproj", "{55F32852-1A99-430E-9C2A-D7B4DD0A42B0}"
EndProject
Project("{9A19103F-16F7-4668-BE54-9A1E7A4F7556}") = "Xelit3.Playground.AspireStarter.AppHost", "Xelit3.Playground.AspireStarter\Xelit3.Playground.AspireStarter.AppHost\Xelit3.Playground.AspireStarter.AppHost.csproj", "{E209CCCB-D167-4CDE-B3A6-4BE2BD545A6A}"
EndProject
Project("{9A19103F-16F7-4668-BE54-9A1E7A4F7556}") = "Xelit3.Playground.AspireStarter.ServiceDefaults", "Xelit3.Playground.AspireStarter\Xelit3.Playground.AspireStarter.ServiceDefaults\Xelit3.Playground.AspireStarter.ServiceDefaults.csproj", "{C0330FCD-F9D2-4711-BDBF-6B0D57D68F53}"
EndProject
Project("{9A19103F-16F7-4668-BE54-9A1E7A4F7556}") = "Xelit3.Playground.AspireStarter.ApiService", "Xelit3.Playground.AspireStarter\Xelit3.Playground.AspireStarter.ApiService\Xelit3.Playground.AspireStarter.ApiService.csproj", "{964E3555-BB76-4DFF-B2EA-E89D48AC705D}"
EndProject
Project("{9A19103F-16F7-4668-BE54-9A1E7A4F7556}") = "Xelit3.Playground.AspireStarter.Web", "Xelit3.Playground.AspireStarter\Xelit3.Playground.AspireStarter.Web\Xelit3.Playground.AspireStarter.Web.csproj", "{B318E64E-64B3-483C-9FA3-FBEFFDEDF2FF}"
EndProject
Project("{9A19103F-16F7-4668-BE54-9A1E7A4F7556}") = "Xelit3.Playground.AspireStarter.Tests", "Xelit3.Playground.AspireStarter\Xelit3.Playground.AspireStarter.Tests\Xelit3.Playground.AspireStarter.Tests.csproj", "{E20EDD49-5618-4ECD-A57E-793224E8A272}"
EndProject
Project("{9A19103F-16F7-4668-BE54-9A1E7A4F7556}") = "Xelit3.Playground.API.Resilience", "Xelit3.Playground.API.Resilience\Xelit3.Playground.API.Resilience.csproj", "{2AEB14C0-CCDE-411E-ACDA-378B3558CD16}"
EndProject
Project("{9A19103F-16F7-4668-BE54-9A1E7A4F7556}") = "Xelit3.Playground.API.FastEndpoints", "Xelit3.Playground.API.FastEndpoints\Xelit3.Playground.API.FastEndpoints.csproj", "{CCB1A484-E92F-4B6A-B1BE-5551E3B19B4D}"
EndProject
Project("{2150E333-8FDC-42A3-9474-1A3956D46DE8}") = "11. Event Sourcing", "11. Event Sourcing", "{750D67FA-3295-487B-8634-D4620012DDAB}"
EndProject
Project("{9A19103F-16F7-4668-BE54-9A1E7A4F7556}") = "Xelit3.Playground.EventSourcing", "Xelit3.Playground.EventSourcing\Xelit3.Playground.EventSourcing.csproj", "{A02A9113-415B-4F2A-8361-D033D90DC61D}"
EndProject
Project("{9A19103F-16F7-4668-BE54-9A1E7A4F7556}") = "Xelit3.Playground.Testing.TDD", "Xelit3.Playground.Testing.TDD\Xelit3.Playground.Testing.TDD.csproj", "{5D0D9701-F5C4-4E44-88BE-C109527E9AEF}"
EndProject
Project("{2150E333-8FDC-42A3-9474-1A3956D46DE8}") = "12. MediatR", "12. MediatR", "{60D7833A-156E-4D0D-B2AF-810D417DDBDB}"
EndProject
Project("{9A19103F-16F7-4668-BE54-9A1E7A4F7556}") = "Xelit3.Playground.MediatR", "Xelit3.Playground.MediatR\Xelit3.Playground.MediatR.csproj", "{249B52AF-5D6C-43E8-AEED-4CDF04B4066F}"
EndProject
Project("{2150E333-8FDC-42A3-9474-1A3956D46DE8}") = "13. DDD", "13. DDD", "{6E75E2A7-66C7-4A7A-8C90-32A7454CF768}"
EndProject
Project("{9A19103F-16F7-4668-BE54-9A1E7A4F7556}") = "Xelit3.Playground.Bookstore", "Xelit3.Playground.Bookstore\Xelit3.Playground.Bookstore.csproj", "{5E608C27-86EC-4B0F-ACD8-8948FF868679}"
EndProject
Project("{2150E333-8FDC-42A3-9474-1A3956D46DE8}") = "14. EFCore", "14. EFCore", "{1F1E9BA7-082A-4D04-B50E-C1AD86A27160}"
EndProject
Project("{9A19103F-16F7-4668-BE54-9A1E7A4F7556}") = "Xelit3.Playground.EFCore.WebApi", "Xelit3.Playground.EFCore.WebApi\Xelit3.Playground.EFCore.WebApi.csproj", "{943AD7E3-73DD-4DA0-BD7B-40289499D920}"
EndProject
Project("{2150E333-8FDC-42A3-9474-1A3956D46DE8}") = "15. Docker", "15. Docker", "{E886502E-11A4-4FF1-A073-5F2A87B1373B}"
EndProject
Project("{9A19103F-16F7-4668-BE54-9A1E7A4F7556}") = "Xelit3.Playground.Docker.NativeSupport", "Xelit3.Playground.Docker.NativeSupport\Xelit3.Playground.Docker.NativeSupport.csproj", "{BD1D4995-C71E-40A8-8505-B4772AE6EFA2}"
EndProject
Project("{2150E333-8FDC-42A3-9474-1A3956D46DE8}") = "6. Big sample", "6. Big sample", "{DDC1123B-8D1C-4D28-A44A-8DE6851A67E8}"
EndProject
Project("{9A19103F-16F7-4668-BE54-9A1E7A4F7556}") = "Xelit3.Playground.Videogames.WebApi", "Xelit3.Playground.Videogames.WebApi\Xelit3.Playground.Videogames.WebApi.csproj", "{8CBA7C2D-283F-40BF-87DB-0008B2CADE63}"
EndProject
Global
	GlobalSection(SolutionConfigurationPlatforms) = preSolution
		Debug|Any CPU = Debug|Any CPU
		Release|Any CPU = Release|Any CPU
	EndGlobalSection
	GlobalSection(ProjectConfigurationPlatforms) = postSolution
		{0EE1E884-37D6-407B-B712-5D744AF62F5A}.Debug|Any CPU.ActiveCfg = Debug|Any CPU
		{0EE1E884-37D6-407B-B712-5D744AF62F5A}.Debug|Any CPU.Build.0 = Debug|Any CPU
		{0EE1E884-37D6-407B-B712-5D744AF62F5A}.Release|Any CPU.ActiveCfg = Release|Any CPU
		{0EE1E884-37D6-407B-B712-5D744AF62F5A}.Release|Any CPU.Build.0 = Release|Any CPU
		{2D489611-4B14-4CD3-BAFA-8376D29A96AF}.Debug|Any CPU.ActiveCfg = Debug|Any CPU
		{2D489611-4B14-4CD3-BAFA-8376D29A96AF}.Debug|Any CPU.Build.0 = Debug|Any CPU
		{2D489611-4B14-4CD3-BAFA-8376D29A96AF}.Release|Any CPU.ActiveCfg = Release|Any CPU
		{2D489611-4B14-4CD3-BAFA-8376D29A96AF}.Release|Any CPU.Build.0 = Release|Any CPU
		{8A72EE50-118C-45D2-B5F8-BE128F399942}.Debug|Any CPU.ActiveCfg = Debug|Any CPU
		{8A72EE50-118C-45D2-B5F8-BE128F399942}.Debug|Any CPU.Build.0 = Debug|Any CPU
		{8A72EE50-118C-45D2-B5F8-BE128F399942}.Release|Any CPU.ActiveCfg = Release|Any CPU
		{8A72EE50-118C-45D2-B5F8-BE128F399942}.Release|Any CPU.Build.0 = Release|Any CPU
		{FD1A9A58-F019-4C7B-B201-5928C263901C}.Debug|Any CPU.ActiveCfg = Debug|Any CPU
		{FD1A9A58-F019-4C7B-B201-5928C263901C}.Debug|Any CPU.Build.0 = Debug|Any CPU
		{FD1A9A58-F019-4C7B-B201-5928C263901C}.Release|Any CPU.ActiveCfg = Release|Any CPU
		{FD1A9A58-F019-4C7B-B201-5928C263901C}.Release|Any CPU.Build.0 = Release|Any CPU
		{3CBED3E3-1844-4323-96FF-37B79F27A255}.Debug|Any CPU.ActiveCfg = Debug|Any CPU
		{3CBED3E3-1844-4323-96FF-37B79F27A255}.Debug|Any CPU.Build.0 = Debug|Any CPU
		{3CBED3E3-1844-4323-96FF-37B79F27A255}.Release|Any CPU.ActiveCfg = Release|Any CPU
		{3CBED3E3-1844-4323-96FF-37B79F27A255}.Release|Any CPU.Build.0 = Release|Any CPU
		{D2314958-2A31-41C9-BBD6-B8310FF1FF90}.Debug|Any CPU.ActiveCfg = Debug|Any CPU
		{D2314958-2A31-41C9-BBD6-B8310FF1FF90}.Debug|Any CPU.Build.0 = Debug|Any CPU
		{D2314958-2A31-41C9-BBD6-B8310FF1FF90}.Release|Any CPU.ActiveCfg = Release|Any CPU
		{D2314958-2A31-41C9-BBD6-B8310FF1FF90}.Release|Any CPU.Build.0 = Release|Any CPU
		{5B4508EF-1FD5-4212-BE41-43D00E10AB28}.Debug|Any CPU.ActiveCfg = Debug|Any CPU
		{5B4508EF-1FD5-4212-BE41-43D00E10AB28}.Debug|Any CPU.Build.0 = Debug|Any CPU
		{5B4508EF-1FD5-4212-BE41-43D00E10AB28}.Release|Any CPU.ActiveCfg = Release|Any CPU
		{5B4508EF-1FD5-4212-BE41-43D00E10AB28}.Release|Any CPU.Build.0 = Release|Any CPU
		{42EB6EA4-A779-40AD-B277-D53702C05C56}.Debug|Any CPU.ActiveCfg = Debug|Any CPU
		{42EB6EA4-A779-40AD-B277-D53702C05C56}.Debug|Any CPU.Build.0 = Debug|Any CPU
		{42EB6EA4-A779-40AD-B277-D53702C05C56}.Release|Any CPU.ActiveCfg = Release|Any CPU
		{42EB6EA4-A779-40AD-B277-D53702C05C56}.Release|Any CPU.Build.0 = Release|Any CPU
		{564AE8E0-228A-4765-AC37-D44ED993601E}.Debug|Any CPU.ActiveCfg = Debug|Any CPU
		{564AE8E0-228A-4765-AC37-D44ED993601E}.Debug|Any CPU.Build.0 = Debug|Any CPU
		{564AE8E0-228A-4765-AC37-D44ED993601E}.Release|Any CPU.ActiveCfg = Release|Any CPU
		{564AE8E0-228A-4765-AC37-D44ED993601E}.Release|Any CPU.Build.0 = Release|Any CPU
		{B3E72930-8C63-43F1-A8C0-864238FDA2ED}.Debug|Any CPU.ActiveCfg = Debug|Any CPU
		{B3E72930-8C63-43F1-A8C0-864238FDA2ED}.Debug|Any CPU.Build.0 = Debug|Any CPU
		{B3E72930-8C63-43F1-A8C0-864238FDA2ED}.Release|Any CPU.ActiveCfg = Release|Any CPU
		{B3E72930-8C63-43F1-A8C0-864238FDA2ED}.Release|Any CPU.Build.0 = Release|Any CPU
		{2866CD25-8ECE-442E-A776-B2C08A660023}.Debug|Any CPU.ActiveCfg = Debug|Any CPU
		{2866CD25-8ECE-442E-A776-B2C08A660023}.Debug|Any CPU.Build.0 = Debug|Any CPU
		{2866CD25-8ECE-442E-A776-B2C08A660023}.Release|Any CPU.ActiveCfg = Release|Any CPU
		{2866CD25-8ECE-442E-A776-B2C08A660023}.Release|Any CPU.Build.0 = Release|Any CPU
		{E3A1391B-9021-41EC-A773-5A031A1D3AB2}.Debug|Any CPU.ActiveCfg = Debug|Any CPU
		{E3A1391B-9021-41EC-A773-5A031A1D3AB2}.Debug|Any CPU.Build.0 = Debug|Any CPU
		{E3A1391B-9021-41EC-A773-5A031A1D3AB2}.Release|Any CPU.ActiveCfg = Release|Any CPU
		{E3A1391B-9021-41EC-A773-5A031A1D3AB2}.Release|Any CPU.Build.0 = Release|Any CPU
		{8B9C87A1-0572-48E4-A4DE-CC87B861C35A}.Debug|Any CPU.ActiveCfg = Debug|Any CPU
		{8B9C87A1-0572-48E4-A4DE-CC87B861C35A}.Debug|Any CPU.Build.0 = Debug|Any CPU
		{8B9C87A1-0572-48E4-A4DE-CC87B861C35A}.Release|Any CPU.ActiveCfg = Release|Any CPU
		{8B9C87A1-0572-48E4-A4DE-CC87B861C35A}.Release|Any CPU.Build.0 = Release|Any CPU
		{F6E9EF93-449A-45A8-AD9E-BC00DB7E77E0}.Debug|Any CPU.ActiveCfg = Debug|Any CPU
		{F6E9EF93-449A-45A8-AD9E-BC00DB7E77E0}.Debug|Any CPU.Build.0 = Debug|Any CPU
		{F6E9EF93-449A-45A8-AD9E-BC00DB7E77E0}.Release|Any CPU.ActiveCfg = Release|Any CPU
		{F6E9EF93-449A-45A8-AD9E-BC00DB7E77E0}.Release|Any CPU.Build.0 = Release|Any CPU
		{D5946A0D-1048-4B01-8A8C-9572423A8EDF}.Debug|Any CPU.ActiveCfg = Debug|Any CPU
		{D5946A0D-1048-4B01-8A8C-9572423A8EDF}.Debug|Any CPU.Build.0 = Debug|Any CPU
		{D5946A0D-1048-4B01-8A8C-9572423A8EDF}.Release|Any CPU.ActiveCfg = Release|Any CPU
		{D5946A0D-1048-4B01-8A8C-9572423A8EDF}.Release|Any CPU.Build.0 = Release|Any CPU
		{57DF47B1-D4DC-4BB0-9C26-F6783A7D12BE}.Debug|Any CPU.ActiveCfg = Debug|Any CPU
		{57DF47B1-D4DC-4BB0-9C26-F6783A7D12BE}.Debug|Any CPU.Build.0 = Debug|Any CPU
		{57DF47B1-D4DC-4BB0-9C26-F6783A7D12BE}.Release|Any CPU.ActiveCfg = Release|Any CPU
		{57DF47B1-D4DC-4BB0-9C26-F6783A7D12BE}.Release|Any CPU.Build.0 = Release|Any CPU
		{99FB3E82-196E-4770-A0B3-860B0D7E7A51}.Debug|Any CPU.ActiveCfg = Debug|Any CPU
		{99FB3E82-196E-4770-A0B3-860B0D7E7A51}.Debug|Any CPU.Build.0 = Debug|Any CPU
		{99FB3E82-196E-4770-A0B3-860B0D7E7A51}.Release|Any CPU.ActiveCfg = Release|Any CPU
		{99FB3E82-196E-4770-A0B3-860B0D7E7A51}.Release|Any CPU.Build.0 = Release|Any CPU
		{7599258D-E10C-4128-A0C4-25DF40DCC4D9}.Debug|Any CPU.ActiveCfg = Debug|Any CPU
		{7599258D-E10C-4128-A0C4-25DF40DCC4D9}.Debug|Any CPU.Build.0 = Debug|Any CPU
		{7599258D-E10C-4128-A0C4-25DF40DCC4D9}.Release|Any CPU.ActiveCfg = Release|Any CPU
		{7599258D-E10C-4128-A0C4-25DF40DCC4D9}.Release|Any CPU.Build.0 = Release|Any CPU
		{CC187873-181D-4FF5-B708-10A0E29E30EF}.Debug|Any CPU.ActiveCfg = Debug|Any CPU
		{CC187873-181D-4FF5-B708-10A0E29E30EF}.Debug|Any CPU.Build.0 = Debug|Any CPU
		{CC187873-181D-4FF5-B708-10A0E29E30EF}.Release|Any CPU.ActiveCfg = Release|Any CPU
		{CC187873-181D-4FF5-B708-10A0E29E30EF}.Release|Any CPU.Build.0 = Release|Any CPU
		{DFF23B5C-2CB3-4AC1-ABC4-CEBFB78876B4}.Debug|Any CPU.ActiveCfg = Debug|Any CPU
		{DFF23B5C-2CB3-4AC1-ABC4-CEBFB78876B4}.Debug|Any CPU.Build.0 = Debug|Any CPU
		{DFF23B5C-2CB3-4AC1-ABC4-CEBFB78876B4}.Release|Any CPU.ActiveCfg = Release|Any CPU
		{DFF23B5C-2CB3-4AC1-ABC4-CEBFB78876B4}.Release|Any CPU.Build.0 = Release|Any CPU
		{5490B01A-1A99-4F61-8821-4D80E4B9801B}.Debug|Any CPU.ActiveCfg = Debug|Any CPU
		{5490B01A-1A99-4F61-8821-4D80E4B9801B}.Debug|Any CPU.Build.0 = Debug|Any CPU
		{5490B01A-1A99-4F61-8821-4D80E4B9801B}.Release|Any CPU.ActiveCfg = Release|Any CPU
		{5490B01A-1A99-4F61-8821-4D80E4B9801B}.Release|Any CPU.Build.0 = Release|Any CPU
		{C3A758B7-5636-40A8-8759-D44BDDE75DFA}.Debug|Any CPU.ActiveCfg = Debug|Any CPU
		{C3A758B7-5636-40A8-8759-D44BDDE75DFA}.Debug|Any CPU.Build.0 = Debug|Any CPU
		{C3A758B7-5636-40A8-8759-D44BDDE75DFA}.Release|Any CPU.ActiveCfg = Release|Any CPU
		{C3A758B7-5636-40A8-8759-D44BDDE75DFA}.Release|Any CPU.Build.0 = Release|Any CPU
		{F30965C5-ABE3-40DE-86AB-8ED496792B54}.Debug|Any CPU.ActiveCfg = Debug|Any CPU
		{F30965C5-ABE3-40DE-86AB-8ED496792B54}.Debug|Any CPU.Build.0 = Debug|Any CPU
		{F30965C5-ABE3-40DE-86AB-8ED496792B54}.Release|Any CPU.ActiveCfg = Release|Any CPU
		{F30965C5-ABE3-40DE-86AB-8ED496792B54}.Release|Any CPU.Build.0 = Release|Any CPU
		{1CEEF131-E360-4E9F-9E27-3BA6FEA601B4}.Debug|Any CPU.ActiveCfg = Debug|Any CPU
		{1CEEF131-E360-4E9F-9E27-3BA6FEA601B4}.Debug|Any CPU.Build.0 = Debug|Any CPU
		{1CEEF131-E360-4E9F-9E27-3BA6FEA601B4}.Release|Any CPU.ActiveCfg = Release|Any CPU
		{1CEEF131-E360-4E9F-9E27-3BA6FEA601B4}.Release|Any CPU.Build.0 = Release|Any CPU
		{D558B350-52D0-4D9B-928B-99ED011FCC88}.Debug|Any CPU.ActiveCfg = Debug|Any CPU
		{D558B350-52D0-4D9B-928B-99ED011FCC88}.Debug|Any CPU.Build.0 = Debug|Any CPU
		{D558B350-52D0-4D9B-928B-99ED011FCC88}.Release|Any CPU.ActiveCfg = Release|Any CPU
		{D558B350-52D0-4D9B-928B-99ED011FCC88}.Release|Any CPU.Build.0 = Release|Any CPU
		{FC8E557F-CD54-431B-852E-448E6AD001FD}.Debug|Any CPU.ActiveCfg = Debug|Any CPU
		{FC8E557F-CD54-431B-852E-448E6AD001FD}.Debug|Any CPU.Build.0 = Debug|Any CPU
		{FC8E557F-CD54-431B-852E-448E6AD001FD}.Release|Any CPU.ActiveCfg = Release|Any CPU
		{FC8E557F-CD54-431B-852E-448E6AD001FD}.Release|Any CPU.Build.0 = Release|Any CPU
		{530286E8-B643-474F-899F-282B2E3654FC}.Debug|Any CPU.ActiveCfg = Debug|Any CPU
		{530286E8-B643-474F-899F-282B2E3654FC}.Debug|Any CPU.Build.0 = Debug|Any CPU
		{530286E8-B643-474F-899F-282B2E3654FC}.Release|Any CPU.ActiveCfg = Release|Any CPU
		{530286E8-B643-474F-899F-282B2E3654FC}.Release|Any CPU.Build.0 = Release|Any CPU
		{DB9E37B3-E819-4120-8A85-11F1037ADB21}.Debug|Any CPU.ActiveCfg = Debug|Any CPU
		{DB9E37B3-E819-4120-8A85-11F1037ADB21}.Debug|Any CPU.Build.0 = Debug|Any CPU
		{DB9E37B3-E819-4120-8A85-11F1037ADB21}.Release|Any CPU.ActiveCfg = Release|Any CPU
		{DB9E37B3-E819-4120-8A85-11F1037ADB21}.Release|Any CPU.Build.0 = Release|Any CPU
		{4C4E90B9-7AA6-4493-8C7D-1F6EF4B323E8}.Debug|Any CPU.ActiveCfg = Debug|Any CPU
		{4C4E90B9-7AA6-4493-8C7D-1F6EF4B323E8}.Debug|Any CPU.Build.0 = Debug|Any CPU
		{4C4E90B9-7AA6-4493-8C7D-1F6EF4B323E8}.Release|Any CPU.ActiveCfg = Release|Any CPU
		{4C4E90B9-7AA6-4493-8C7D-1F6EF4B323E8}.Release|Any CPU.Build.0 = Release|Any CPU
		{224B4E39-DFC8-41A1-BFA8-DC34FA0292E8}.Debug|Any CPU.ActiveCfg = Debug|Any CPU
		{224B4E39-DFC8-41A1-BFA8-DC34FA0292E8}.Debug|Any CPU.Build.0 = Debug|Any CPU
		{224B4E39-DFC8-41A1-BFA8-DC34FA0292E8}.Release|Any CPU.ActiveCfg = Release|Any CPU
		{224B4E39-DFC8-41A1-BFA8-DC34FA0292E8}.Release|Any CPU.Build.0 = Release|Any CPU
		{C35B4EE9-C46D-415D-B55A-A29DB1C893DE}.Debug|Any CPU.ActiveCfg = Debug|Any CPU
		{C35B4EE9-C46D-415D-B55A-A29DB1C893DE}.Debug|Any CPU.Build.0 = Debug|Any CPU
		{C35B4EE9-C46D-415D-B55A-A29DB1C893DE}.Release|Any CPU.ActiveCfg = Release|Any CPU
		{C35B4EE9-C46D-415D-B55A-A29DB1C893DE}.Release|Any CPU.Build.0 = Release|Any CPU
		{55F32852-1A99-430E-9C2A-D7B4DD0A42B0}.Debug|Any CPU.ActiveCfg = Debug|Any CPU
		{55F32852-1A99-430E-9C2A-D7B4DD0A42B0}.Debug|Any CPU.Build.0 = Debug|Any CPU
		{55F32852-1A99-430E-9C2A-D7B4DD0A42B0}.Release|Any CPU.ActiveCfg = Release|Any CPU
		{55F32852-1A99-430E-9C2A-D7B4DD0A42B0}.Release|Any CPU.Build.0 = Release|Any CPU
		{E209CCCB-D167-4CDE-B3A6-4BE2BD545A6A}.Debug|Any CPU.ActiveCfg = Debug|Any CPU
		{E209CCCB-D167-4CDE-B3A6-4BE2BD545A6A}.Debug|Any CPU.Build.0 = Debug|Any CPU
		{E209CCCB-D167-4CDE-B3A6-4BE2BD545A6A}.Release|Any CPU.ActiveCfg = Release|Any CPU
		{E209CCCB-D167-4CDE-B3A6-4BE2BD545A6A}.Release|Any CPU.Build.0 = Release|Any CPU
		{C0330FCD-F9D2-4711-BDBF-6B0D57D68F53}.Debug|Any CPU.ActiveCfg = Debug|Any CPU
		{C0330FCD-F9D2-4711-BDBF-6B0D57D68F53}.Debug|Any CPU.Build.0 = Debug|Any CPU
		{C0330FCD-F9D2-4711-BDBF-6B0D57D68F53}.Release|Any CPU.ActiveCfg = Release|Any CPU
		{C0330FCD-F9D2-4711-BDBF-6B0D57D68F53}.Release|Any CPU.Build.0 = Release|Any CPU
		{964E3555-BB76-4DFF-B2EA-E89D48AC705D}.Debug|Any CPU.ActiveCfg = Debug|Any CPU
		{964E3555-BB76-4DFF-B2EA-E89D48AC705D}.Debug|Any CPU.Build.0 = Debug|Any CPU
		{964E3555-BB76-4DFF-B2EA-E89D48AC705D}.Release|Any CPU.ActiveCfg = Release|Any CPU
		{964E3555-BB76-4DFF-B2EA-E89D48AC705D}.Release|Any CPU.Build.0 = Release|Any CPU
		{B318E64E-64B3-483C-9FA3-FBEFFDEDF2FF}.Debug|Any CPU.ActiveCfg = Debug|Any CPU
		{B318E64E-64B3-483C-9FA3-FBEFFDEDF2FF}.Debug|Any CPU.Build.0 = Debug|Any CPU
		{B318E64E-64B3-483C-9FA3-FBEFFDEDF2FF}.Release|Any CPU.ActiveCfg = Release|Any CPU
		{B318E64E-64B3-483C-9FA3-FBEFFDEDF2FF}.Release|Any CPU.Build.0 = Release|Any CPU
		{E20EDD49-5618-4ECD-A57E-793224E8A272}.Debug|Any CPU.ActiveCfg = Debug|Any CPU
		{E20EDD49-5618-4ECD-A57E-793224E8A272}.Debug|Any CPU.Build.0 = Debug|Any CPU
		{E20EDD49-5618-4ECD-A57E-793224E8A272}.Release|Any CPU.ActiveCfg = Release|Any CPU
		{E20EDD49-5618-4ECD-A57E-793224E8A272}.Release|Any CPU.Build.0 = Release|Any CPU
		{2AEB14C0-CCDE-411E-ACDA-378B3558CD16}.Debug|Any CPU.ActiveCfg = Debug|Any CPU
		{2AEB14C0-CCDE-411E-ACDA-378B3558CD16}.Debug|Any CPU.Build.0 = Debug|Any CPU
		{2AEB14C0-CCDE-411E-ACDA-378B3558CD16}.Release|Any CPU.ActiveCfg = Release|Any CPU
		{2AEB14C0-CCDE-411E-ACDA-378B3558CD16}.Release|Any CPU.Build.0 = Release|Any CPU
		{CCB1A484-E92F-4B6A-B1BE-5551E3B19B4D}.Debug|Any CPU.ActiveCfg = Debug|Any CPU
		{CCB1A484-E92F-4B6A-B1BE-5551E3B19B4D}.Debug|Any CPU.Build.0 = Debug|Any CPU
		{CCB1A484-E92F-4B6A-B1BE-5551E3B19B4D}.Release|Any CPU.ActiveCfg = Release|Any CPU
		{CCB1A484-E92F-4B6A-B1BE-5551E3B19B4D}.Release|Any CPU.Build.0 = Release|Any CPU
		{A02A9113-415B-4F2A-8361-D033D90DC61D}.Debug|Any CPU.ActiveCfg = Debug|Any CPU
		{A02A9113-415B-4F2A-8361-D033D90DC61D}.Debug|Any CPU.Build.0 = Debug|Any CPU
		{A02A9113-415B-4F2A-8361-D033D90DC61D}.Release|Any CPU.ActiveCfg = Release|Any CPU
		{A02A9113-415B-4F2A-8361-D033D90DC61D}.Release|Any CPU.Build.0 = Release|Any CPU
		{5D0D9701-F5C4-4E44-88BE-C109527E9AEF}.Debug|Any CPU.ActiveCfg = Debug|Any CPU
		{5D0D9701-F5C4-4E44-88BE-C109527E9AEF}.Debug|Any CPU.Build.0 = Debug|Any CPU
		{5D0D9701-F5C4-4E44-88BE-C109527E9AEF}.Release|Any CPU.ActiveCfg = Release|Any CPU
		{5D0D9701-F5C4-4E44-88BE-C109527E9AEF}.Release|Any CPU.Build.0 = Release|Any CPU
		{249B52AF-5D6C-43E8-AEED-4CDF04B4066F}.Debug|Any CPU.ActiveCfg = Debug|Any CPU
		{249B52AF-5D6C-43E8-AEED-4CDF04B4066F}.Debug|Any CPU.Build.0 = Debug|Any CPU
		{249B52AF-5D6C-43E8-AEED-4CDF04B4066F}.Release|Any CPU.ActiveCfg = Release|Any CPU
		{249B52AF-5D6C-43E8-AEED-4CDF04B4066F}.Release|Any CPU.Build.0 = Release|Any CPU
		{5E608C27-86EC-4B0F-ACD8-8948FF868679}.Debug|Any CPU.ActiveCfg = Debug|Any CPU
		{5E608C27-86EC-4B0F-ACD8-8948FF868679}.Debug|Any CPU.Build.0 = Debug|Any CPU
		{5E608C27-86EC-4B0F-ACD8-8948FF868679}.Release|Any CPU.ActiveCfg = Release|Any CPU
		{5E608C27-86EC-4B0F-ACD8-8948FF868679}.Release|Any CPU.Build.0 = Release|Any CPU
		{943AD7E3-73DD-4DA0-BD7B-40289499D920}.Debug|Any CPU.ActiveCfg = Debug|Any CPU
		{943AD7E3-73DD-4DA0-BD7B-40289499D920}.Debug|Any CPU.Build.0 = Debug|Any CPU
		{943AD7E3-73DD-4DA0-BD7B-40289499D920}.Release|Any CPU.ActiveCfg = Release|Any CPU
		{943AD7E3-73DD-4DA0-BD7B-40289499D920}.Release|Any CPU.Build.0 = Release|Any CPU
		{BD1D4995-C71E-40A8-8505-B4772AE6EFA2}.Debug|Any CPU.ActiveCfg = Debug|Any CPU
		{BD1D4995-C71E-40A8-8505-B4772AE6EFA2}.Debug|Any CPU.Build.0 = Debug|Any CPU
		{BD1D4995-C71E-40A8-8505-B4772AE6EFA2}.Release|Any CPU.ActiveCfg = Release|Any CPU
		{BD1D4995-C71E-40A8-8505-B4772AE6EFA2}.Release|Any CPU.Build.0 = Release|Any CPU
		{8CBA7C2D-283F-40BF-87DB-0008B2CADE63}.Debug|Any CPU.ActiveCfg = Debug|Any CPU
		{8CBA7C2D-283F-40BF-87DB-0008B2CADE63}.Debug|Any CPU.Build.0 = Debug|Any CPU
		{8CBA7C2D-283F-40BF-87DB-0008B2CADE63}.Release|Any CPU.ActiveCfg = Release|Any CPU
		{8CBA7C2D-283F-40BF-87DB-0008B2CADE63}.Release|Any CPU.Build.0 = Release|Any CPU
	EndGlobalSection
	GlobalSection(SolutionProperties) = preSolution
		HideSolutionNode = FALSE
	EndGlobalSection
	GlobalSection(NestedProjects) = preSolution
		{0EE1E884-37D6-407B-B712-5D744AF62F5A} = {EE0A52EC-6CE9-4B29-A31E-9154319D6812}
		{2D489611-4B14-4CD3-BAFA-8376D29A96AF} = {7FD31CE0-795C-4686-8CD7-80C9841C4C9A}
		{8A72EE50-118C-45D2-B5F8-BE128F399942} = {7FD31CE0-795C-4686-8CD7-80C9841C4C9A}
		{FD1A9A58-F019-4C7B-B201-5928C263901C} = {EE0A52EC-6CE9-4B29-A31E-9154319D6812}
		{3CBED3E3-1844-4323-96FF-37B79F27A255} = {3253BB23-D711-4ED8-BF97-9EB907501260}
		{D2314958-2A31-41C9-BBD6-B8310FF1FF90} = {FF11A4E5-C071-4E3E-A5D4-47719A079F7D}
		{5B4508EF-1FD5-4212-BE41-43D00E10AB28} = {FF11A4E5-C071-4E3E-A5D4-47719A079F7D}
		{42EB6EA4-A779-40AD-B277-D53702C05C56} = {FF11A4E5-C071-4E3E-A5D4-47719A079F7D}
		{3253BB23-D711-4ED8-BF97-9EB907501260} = {974129EE-4601-4759-82B9-8A8C345D05D1}
		{FF11A4E5-C071-4E3E-A5D4-47719A079F7D} = {974129EE-4601-4759-82B9-8A8C345D05D1}
		{DBEE731C-7C6F-4C62-A0D6-B68D51AA4741} = {974129EE-4601-4759-82B9-8A8C345D05D1}
		{D7E9D7D4-74C9-4DC9-B363-81F2E10EA62C} = {974129EE-4601-4759-82B9-8A8C345D05D1}
		{564AE8E0-228A-4765-AC37-D44ED993601E} = {D7E9D7D4-74C9-4DC9-B363-81F2E10EA62C}
		{B3E72930-8C63-43F1-A8C0-864238FDA2ED} = {FF11A4E5-C071-4E3E-A5D4-47719A079F7D}
		{28775C97-A4C4-4880-8A08-22F5A4C7BAB9} = {974129EE-4601-4759-82B9-8A8C345D05D1}
		{2866CD25-8ECE-442E-A776-B2C08A660023} = {28775C97-A4C4-4880-8A08-22F5A4C7BAB9}
		{E3A1391B-9021-41EC-A773-5A031A1D3AB2} = {3EFBA585-5B3B-4508-901C-4E0E359FAE10}
		{8B9C87A1-0572-48E4-A4DE-CC87B861C35A} = {3EFBA585-5B3B-4508-901C-4E0E359FAE10}
		{F6E9EF93-449A-45A8-AD9E-BC00DB7E77E0} = {3EFBA585-5B3B-4508-901C-4E0E359FAE10}
		{D5946A0D-1048-4B01-8A8C-9572423A8EDF} = {3EFBA585-5B3B-4508-901C-4E0E359FAE10}
		{D6750043-FF2C-4A4A-A83F-D22B0C2F1FA7} = {974129EE-4601-4759-82B9-8A8C345D05D1}
		{57DF47B1-D4DC-4BB0-9C26-F6783A7D12BE} = {D6750043-FF2C-4A4A-A83F-D22B0C2F1FA7}
		{99FB3E82-196E-4770-A0B3-860B0D7E7A51} = {D6750043-FF2C-4A4A-A83F-D22B0C2F1FA7}
		{7599258D-E10C-4128-A0C4-25DF40DCC4D9} = {D6750043-FF2C-4A4A-A83F-D22B0C2F1FA7}
		{8764D644-DDE8-4E91-941B-6BC7A541A6AD} = {974129EE-4601-4759-82B9-8A8C345D05D1}
		{CC187873-181D-4FF5-B708-10A0E29E30EF} = {8764D644-DDE8-4E91-941B-6BC7A541A6AD}
		{DFF23B5C-2CB3-4AC1-ABC4-CEBFB78876B4} = {8764D644-DDE8-4E91-941B-6BC7A541A6AD}
		{5490B01A-1A99-4F61-8821-4D80E4B9801B} = {FF11A4E5-C071-4E3E-A5D4-47719A079F7D}
		{C3A758B7-5636-40A8-8759-D44BDDE75DFA} = {D6750043-FF2C-4A4A-A83F-D22B0C2F1FA7}
		{8FD027C5-C153-4638-BA0A-FE2CB5FC43C4} = {974129EE-4601-4759-82B9-8A8C345D05D1}
		{F30965C5-ABE3-40DE-86AB-8ED496792B54} = {8FD027C5-C153-4638-BA0A-FE2CB5FC43C4}
		{1CEEF131-E360-4E9F-9E27-3BA6FEA601B4} = {7FD31CE0-795C-4686-8CD7-80C9841C4C9A}
		{B172AB15-D045-4DB2-BA99-3880D532CCA8} = {974129EE-4601-4759-82B9-8A8C345D05D1}
		{D558B350-52D0-4D9B-928B-99ED011FCC88} = {3EFBA585-5B3B-4508-901C-4E0E359FAE10}
		{FC8E557F-CD54-431B-852E-448E6AD001FD} = {D6750043-FF2C-4A4A-A83F-D22B0C2F1FA7}
		{530286E8-B643-474F-899F-282B2E3654FC} = {DBEE731C-7C6F-4C62-A0D6-B68D51AA4741}
		{DB9E37B3-E819-4120-8A85-11F1037ADB21} = {DBEE731C-7C6F-4C62-A0D6-B68D51AA4741}
		{4C4E90B9-7AA6-4493-8C7D-1F6EF4B323E8} = {3EFBA585-5B3B-4508-901C-4E0E359FAE10}
		{94B7436B-EC8A-4EFC-B34C-D92F5E4A677D} = {974129EE-4601-4759-82B9-8A8C345D05D1}
		{224B4E39-DFC8-41A1-BFA8-DC34FA0292E8} = {94B7436B-EC8A-4EFC-B34C-D92F5E4A677D}
		{C35B4EE9-C46D-415D-B55A-A29DB1C893DE} = {94B7436B-EC8A-4EFC-B34C-D92F5E4A677D}
		{55F32852-1A99-430E-9C2A-D7B4DD0A42B0} = {94B7436B-EC8A-4EFC-B34C-D92F5E4A677D}
		{E209CCCB-D167-4CDE-B3A6-4BE2BD545A6A} = {B172AB15-D045-4DB2-BA99-3880D532CCA8}
		{C0330FCD-F9D2-4711-BDBF-6B0D57D68F53} = {B172AB15-D045-4DB2-BA99-3880D532CCA8}
		{964E3555-BB76-4DFF-B2EA-E89D48AC705D} = {B172AB15-D045-4DB2-BA99-3880D532CCA8}
		{B318E64E-64B3-483C-9FA3-FBEFFDEDF2FF} = {B172AB15-D045-4DB2-BA99-3880D532CCA8}
		{E20EDD49-5618-4ECD-A57E-793224E8A272} = {B172AB15-D045-4DB2-BA99-3880D532CCA8}
		{2AEB14C0-CCDE-411E-ACDA-378B3558CD16} = {D6750043-FF2C-4A4A-A83F-D22B0C2F1FA7}
		{CCB1A484-E92F-4B6A-B1BE-5551E3B19B4D} = {D6750043-FF2C-4A4A-A83F-D22B0C2F1FA7}
		{750D67FA-3295-487B-8634-D4620012DDAB} = {974129EE-4601-4759-82B9-8A8C345D05D1}
		{A02A9113-415B-4F2A-8361-D033D90DC61D} = {750D67FA-3295-487B-8634-D4620012DDAB}
		{5D0D9701-F5C4-4E44-88BE-C109527E9AEF} = {DBEE731C-7C6F-4C62-A0D6-B68D51AA4741}
		{60D7833A-156E-4D0D-B2AF-810D417DDBDB} = {974129EE-4601-4759-82B9-8A8C345D05D1}
		{249B52AF-5D6C-43E8-AEED-4CDF04B4066F} = {60D7833A-156E-4D0D-B2AF-810D417DDBDB}
		{6E75E2A7-66C7-4A7A-8C90-32A7454CF768} = {974129EE-4601-4759-82B9-8A8C345D05D1}
		{5E608C27-86EC-4B0F-ACD8-8948FF868679} = {6E75E2A7-66C7-4A7A-8C90-32A7454CF768}
		{1F1E9BA7-082A-4D04-B50E-C1AD86A27160} = {974129EE-4601-4759-82B9-8A8C345D05D1}
		{943AD7E3-73DD-4DA0-BD7B-40289499D920} = {1F1E9BA7-082A-4D04-B50E-C1AD86A27160}
		{E886502E-11A4-4FF1-A073-5F2A87B1373B} = {974129EE-4601-4759-82B9-8A8C345D05D1}
		{BD1D4995-C71E-40A8-8505-B4772AE6EFA2} = {E886502E-11A4-4FF1-A073-5F2A87B1373B}
		{8CBA7C2D-283F-40BF-87DB-0008B2CADE63} = {DDC1123B-8D1C-4D28-A44A-8DE6851A67E8}
	EndGlobalSection
	GlobalSection(ExtensibilityGlobals) = postSolution
		SolutionGuid = {3BAB64C1-7ACD-4E62-99E7-A6BA6608F82C}
	EndGlobalSection
EndGlobal
