
Microsoft Visual Studio Solution File, Format Version 12.00
# Visual Studio Version 17
VisualStudioVersion = 17.9.34728.123
MinimumVisualStudioVersion = 10.0.40219.1
Project("{9A19103F-16F7-4668-BE54-9A1E7A4F7556}") = "Xelit3.Playground.MAUI", "Xelit3.Playground.MAUI\Xelit3.Playground.MAUI.csproj", "{2EFE1F16-C0E4-4BAA-8B4C-3EB35BC8A41D}"
EndProject
Project("{FAE04EC0-301F-11D3-BF4B-00C04F79EFBC}") = "Xelit3.Playground.BlazorHybrid", "Xelit3.Playground.BlazorHybrid\Xelit3.Playground.BlazorHybrid.csproj", "{C22385C5-FF64-4F39-9A76-58A0CD75AAE5}"
EndProject
Global
	GlobalSection(SolutionConfigurationPlatforms) = preSolution
		Debug|Any CPU = Debug|Any CPU
		Release|Any CPU = Release|Any CPU
	EndGlobalSection
	GlobalSection(ProjectConfigurationPlatforms) = postSolution
		{2EFE1F16-C0E4-4BAA-8B4C-3EB35BC8A41D}.Debug|Any CPU.ActiveCfg = Debug|Any CPU
		{2EFE1F16-C0E4-4BAA-8B4C-3EB35BC8A41D}.Debug|Any CPU.Build.0 = Debug|Any CPU
		{2EFE1F16-C0E4-4BAA-8B4C-3EB35BC8A41D}.Debug|Any CPU.Deploy.0 = Debug|Any CPU
		{2EFE1F16-C0E4-4BAA-8B4C-3EB35BC8A41D}.Release|Any CPU.ActiveCfg = Release|Any CPU
		{2EFE1F16-C0E4-4BAA-8B4C-3EB35BC8A41D}.Release|Any CPU.Build.0 = Release|Any CPU
		{2EFE1F16-C0E4-4BAA-8B4C-3EB35BC8A41D}.Release|Any CPU.Deploy.0 = Release|Any CPU
		{C22385C5-FF64-4F39-9A76-58A0CD75AAE5}.Debug|Any CPU.ActiveCfg = Debug|Any CPU
		{C22385C5-FF64-4F39-9A76-58A0CD75AAE5}.Debug|Any CPU.Build.0 = Debug|Any CPU
		{C22385C5-FF64-4F39-9A76-58A0CD75AAE5}.Debug|Any CPU.Deploy.0 = Debug|Any CPU
		{C22385C5-FF64-4F39-9A76-58A0CD75AAE5}.Release|Any CPU.ActiveCfg = Release|Any CPU
		{C22385C5-FF64-4F39-9A76-58A0CD75AAE5}.Release|Any CPU.Build.0 = Release|Any CPU
		{C22385C5-FF64-4F39-9A76-58A0CD75AAE5}.Release|Any CPU.Deploy.0 = Release|Any CPU
	EndGlobalSection
	GlobalSection(SolutionProperties) = preSolution
		HideSolutionNode = FALSE
	EndGlobalSection
	GlobalSection(ExtensibilityGlobals) = postSolution
		SolutionGuid = {02BDFEFC-0117-4D2A-9F39-4A6047C0F11A}
	EndGlobalSection
EndGlobal
