
Microsoft Visual Studio Solution File, Format Version 12.00
# Visual Studio Version 17
VisualStudioVersion = 17.3.32825.248
MinimumVisualStudioVersion = 10.0.40219.1
Project("{9A19103F-16F7-4668-BE54-9A1E7A4F7556}") = "Xelit3.Playground.Benchmarks", "Xelit3.Playground.Benchmarks\Xelit3.Playground.Benchmarks.csproj", "{0EE1E884-37D6-407B-B712-5D744AF62F5A}"
EndProject
Project("{9A19103F-16F7-4668-BE54-9A1E7A4F7556}") = "Xelit3.Playground.Model", "Xelit3.Playground.Model\Xelit3.Playground.Model.csproj", "{2D489611-4B14-4CD3-BAFA-8376D29A96AF}"
EndProject
Project("{9A19103F-16F7-4668-BE54-9A1E7A4F7556}") = "Xelit3.Playground.SqlServer", "Xelit3.Playground.SqlServer\Xelit3.Playground.SqlServer.csproj", "{8A72EE50-118C-45D2-B5F8-BE128F399942}"
EndProject
Project("{9A19103F-16F7-4668-BE54-9A1E7A4F7556}") = "Xelit3.Playground.Samples", "Xelit3.Playground.Samples\Xelit3.Playground.Samples.csproj", "{FD1A9A58-F019-4C7B-B201-5928C263901C}"
EndProject
Project("{2150E333-8FDC-42A3-9474-1A3956D46DE8}") = "1. Samples", "1. Samples", "{974129EE-4601-4759-82B9-8A8C345D05D1}"
EndProject
Project("{2150E333-8FDC-42A3-9474-1A3956D46DE8}") = "3. Shared", "3. Shared", "{7FD31CE0-795C-4686-8CD7-80C9841C4C9A}"
EndProject
Project("{2150E333-8FDC-42A3-9474-1A3956D46DE8}") = "2. Benchmarks", "2. Benchmarks", "{EE0A52EC-6CE9-4B29-A31E-9154319D6812}"
EndProject
Project("{9A19103F-16F7-4668-BE54-9A1E7A4F7556}") = "Xelit3.Playground.AspNetCore.AppSettings", "Xelit3.Playground.AspNetCore.AppSettings\Xelit3.Playground.AspNetCore.AppSettings.csproj", "{3CBED3E3-1844-4323-96FF-37B79F27A255}"
EndProject
Project("{2150E333-8FDC-42A3-9474-1A3956D46DE8}") = "4. Documentation", "4. Documentation", "{50E4A80A-FAB5-497D-9E54-047417409F96}"
	ProjectSection(SolutionItems) = preProject
		..\README.md = ..\README.md
	EndProjectSection
EndProject
Project("{FAE04EC0-301F-11D3-BF4B-00C04F79EFBC}") = "Xelit3.Playground.BlazorWasm.Server", "Xelit3.Playground.BlazorWasm\Server\Xelit3.Playground.BlazorWasm.Server.csproj", "{D2314958-2A31-41C9-BBD6-B8310FF1FF90}"
EndProject
Project("{FAE04EC0-301F-11D3-BF4B-00C04F79EFBC}") = "Xelit3.Playground.BlazorWasm.Client", "Xelit3.Playground.BlazorWasm\Client\Xelit3.Playground.BlazorWasm.Client.csproj", "{5B4508EF-1FD5-4212-BE41-43D00E10AB28}"
EndProject
Project("{FAE04EC0-301F-11D3-BF4B-00C04F79EFBC}") = "Xelit3.Playground.BlazorWasm.Shared", "Xelit3.Playground.BlazorWasm\Shared\Xelit3.Playground.BlazorWasm.Shared.csproj", "{42EB6EA4-A779-40AD-B277-D53702C05C56}"
EndProject
Project("{2150E333-8FDC-42A3-9474-1A3956D46DE8}") = "1. AppSettings", "1. AppSettings", "{3253BB23-D711-4ED8-BF97-9EB907501260}"
EndProject
Project("{2150E333-8FDC-42A3-9474-1A3956D46DE8}") = "2. Blazor", "2. Blazor", "{FF11A4E5-C071-4E3E-A5D4-47719A079F7D}"
EndProject
Global
	GlobalSection(SolutionConfigurationPlatforms) = preSolution
		Debug|Any CPU = Debug|Any CPU
		Release|Any CPU = Release|Any CPU
	EndGlobalSection
	GlobalSection(ProjectConfigurationPlatforms) = postSolution
		{0EE1E884-37D6-407B-B712-5D744AF62F5A}.Debug|Any CPU.ActiveCfg = Debug|Any CPU
		{0EE1E884-37D6-407B-B712-5D744AF62F5A}.Debug|Any CPU.Build.0 = Debug|Any CPU
		{0EE1E884-37D6-407B-B712-5D744AF62F5A}.Release|Any CPU.ActiveCfg = Release|Any CPU
		{0EE1E884-37D6-407B-B712-5D744AF62F5A}.Release|Any CPU.Build.0 = Release|Any CPU
		{2D489611-4B14-4CD3-BAFA-8376D29A96AF}.Debug|Any CPU.ActiveCfg = Debug|Any CPU
		{2D489611-4B14-4CD3-BAFA-8376D29A96AF}.Debug|Any CPU.Build.0 = Debug|Any CPU
		{2D489611-4B14-4CD3-BAFA-8376D29A96AF}.Release|Any CPU.ActiveCfg = Release|Any CPU
		{2D489611-4B14-4CD3-BAFA-8376D29A96AF}.Release|Any CPU.Build.0 = Release|Any CPU
		{8A72EE50-118C-45D2-B5F8-BE128F399942}.Debug|Any CPU.ActiveCfg = Debug|Any CPU
		{8A72EE50-118C-45D2-B5F8-BE128F399942}.Debug|Any CPU.Build.0 = Debug|Any CPU
		{8A72EE50-118C-45D2-B5F8-BE128F399942}.Release|Any CPU.ActiveCfg = Release|Any CPU
		{8A72EE50-118C-45D2-B5F8-BE128F399942}.Release|Any CPU.Build.0 = Release|Any CPU
		{FD1A9A58-F019-4C7B-B201-5928C263901C}.Debug|Any CPU.ActiveCfg = Debug|Any CPU
		{FD1A9A58-F019-4C7B-B201-5928C263901C}.Debug|Any CPU.Build.0 = Debug|Any CPU
		{FD1A9A58-F019-4C7B-B201-5928C263901C}.Release|Any CPU.ActiveCfg = Release|Any CPU
		{FD1A9A58-F019-4C7B-B201-5928C263901C}.Release|Any CPU.Build.0 = Release|Any CPU
		{3CBED3E3-1844-4323-96FF-37B79F27A255}.Debug|Any CPU.ActiveCfg = Debug|Any CPU
		{3CBED3E3-1844-4323-96FF-37B79F27A255}.Debug|Any CPU.Build.0 = Debug|Any CPU
		{3CBED3E3-1844-4323-96FF-37B79F27A255}.Release|Any CPU.ActiveCfg = Release|Any CPU
		{3CBED3E3-1844-4323-96FF-37B79F27A255}.Release|Any CPU.Build.0 = Release|Any CPU
		{D2314958-2A31-41C9-BBD6-B8310FF1FF90}.Debug|Any CPU.ActiveCfg = Debug|Any CPU
		{D2314958-2A31-41C9-BBD6-B8310FF1FF90}.Debug|Any CPU.Build.0 = Debug|Any CPU
		{D2314958-2A31-41C9-BBD6-B8310FF1FF90}.Release|Any CPU.ActiveCfg = Release|Any CPU
		{D2314958-2A31-41C9-BBD6-B8310FF1FF90}.Release|Any CPU.Build.0 = Release|Any CPU
		{5B4508EF-1FD5-4212-BE41-43D00E10AB28}.Debug|Any CPU.ActiveCfg = Debug|Any CPU
		{5B4508EF-1FD5-4212-BE41-43D00E10AB28}.Debug|Any CPU.Build.0 = Debug|Any CPU
		{5B4508EF-1FD5-4212-BE41-43D00E10AB28}.Release|Any CPU.ActiveCfg = Release|Any CPU
		{5B4508EF-1FD5-4212-BE41-43D00E10AB28}.Release|Any CPU.Build.0 = Release|Any CPU
		{42EB6EA4-A779-40AD-B277-D53702C05C56}.Debug|Any CPU.ActiveCfg = Debug|Any CPU
		{42EB6EA4-A779-40AD-B277-D53702C05C56}.Debug|Any CPU.Build.0 = Debug|Any CPU
		{42EB6EA4-A779-40AD-B277-D53702C05C56}.Release|Any CPU.ActiveCfg = Release|Any CPU
		{42EB6EA4-A779-40AD-B277-D53702C05C56}.Release|Any CPU.Build.0 = Release|Any CPU
	EndGlobalSection
	GlobalSection(SolutionProperties) = preSolution
		HideSolutionNode = FALSE
	EndGlobalSection
	GlobalSection(NestedProjects) = preSolution
		{0EE1E884-37D6-407B-B712-5D744AF62F5A} = {EE0A52EC-6CE9-4B29-A31E-9154319D6812}
		{2D489611-4B14-4CD3-BAFA-8376D29A96AF} = {7FD31CE0-795C-4686-8CD7-80C9841C4C9A}
		{8A72EE50-118C-45D2-B5F8-BE128F399942} = {7FD31CE0-795C-4686-8CD7-80C9841C4C9A}
		{FD1A9A58-F019-4C7B-B201-5928C263901C} = {974129EE-4601-4759-82B9-8A8C345D05D1}
		{3CBED3E3-1844-4323-96FF-37B79F27A255} = {3253BB23-D711-4ED8-BF97-9EB907501260}
		{D2314958-2A31-41C9-BBD6-B8310FF1FF90} = {FF11A4E5-C071-4E3E-A5D4-47719A079F7D}
		{5B4508EF-1FD5-4212-BE41-43D00E10AB28} = {FF11A4E5-C071-4E3E-A5D4-47719A079F7D}
		{42EB6EA4-A779-40AD-B277-D53702C05C56} = {FF11A4E5-C071-4E3E-A5D4-47719A079F7D}
		{3253BB23-D711-4ED8-BF97-9EB907501260} = {974129EE-4601-4759-82B9-8A8C345D05D1}
		{FF11A4E5-C071-4E3E-A5D4-47719A079F7D} = {974129EE-4601-4759-82B9-8A8C345D05D1}
	EndGlobalSection
	GlobalSection(ExtensibilityGlobals) = postSolution
		SolutionGuid = {3BAB64C1-7ACD-4E62-99E7-A6BA6608F82C}
	EndGlobalSection
EndGlobal
