
Microsoft Visual Studio Solution File, Format Version 12.00
# Visual Studio Version 17
VisualStudioVersion = 17.3.32825.248
MinimumVisualStudioVersion = 10.0.40219.1
Project("{9A19103F-16F7-4668-BE54-9A1E7A4F7556}") = "Xelit3.Playground.Benchmarks", "Xelit3.Playground.Benchmarks\Xelit3.Playground.Benchmarks.csproj", "{0EE1E884-37D6-407B-B712-5D744AF62F5A}"
EndProject
Project("{9A19103F-16F7-4668-BE54-9A1E7A4F7556}") = "Xelit3.Playground.Model", "Xelit3.Playground.Model\Xelit3.Playground.Model.csproj", "{2D489611-4B14-4CD3-BAFA-8376D29A96AF}"
EndProject
Project("{9A19103F-16F7-4668-BE54-9A1E7A4F7556}") = "Xelit3.Playground.SqlServer", "Xelit3.Playground.SqlServer\Xelit3.Playground.SqlServer.csproj", "{8A72EE50-118C-45D2-B5F8-BE128F399942}"
EndProject
Project("{FAE04EC0-301F-11D3-BF4B-00C04F79EFBC}") = "Xelit3.Playground.Samples", "Xelit3.Playground.Samples\Xelit3.Playground.Samples.csproj", "{FD1A9A58-F019-4C7B-B201-5928C263901C}"
EndProject
Global
	GlobalSection(SolutionConfigurationPlatforms) = preSolution
		Debug|Any CPU = Debug|Any CPU
		Release|Any CPU = Release|Any CPU
	EndGlobalSection
	GlobalSection(ProjectConfigurationPlatforms) = postSolution
		{0EE1E884-37D6-407B-B712-5D744AF62F5A}.Debug|Any CPU.ActiveCfg = Debug|Any CPU
		{0EE1E884-37D6-407B-B712-5D744AF62F5A}.Debug|Any CPU.Build.0 = Debug|Any CPU
		{0EE1E884-37D6-407B-B712-5D744AF62F5A}.Release|Any CPU.ActiveCfg = Release|Any CPU
		{0EE1E884-37D6-407B-B712-5D744AF62F5A}.Release|Any CPU.Build.0 = Release|Any CPU
		{2D489611-4B14-4CD3-BAFA-8376D29A96AF}.Debug|Any CPU.ActiveCfg = Debug|Any CPU
		{2D489611-4B14-4CD3-BAFA-8376D29A96AF}.Debug|Any CPU.Build.0 = Debug|Any CPU
		{2D489611-4B14-4CD3-BAFA-8376D29A96AF}.Release|Any CPU.ActiveCfg = Release|Any CPU
		{2D489611-4B14-4CD3-BAFA-8376D29A96AF}.Release|Any CPU.Build.0 = Release|Any CPU
		{8A72EE50-118C-45D2-B5F8-BE128F399942}.Debug|Any CPU.ActiveCfg = Debug|Any CPU
		{8A72EE50-118C-45D2-B5F8-BE128F399942}.Debug|Any CPU.Build.0 = Debug|Any CPU
		{8A72EE50-118C-45D2-B5F8-BE128F399942}.Release|Any CPU.ActiveCfg = Release|Any CPU
		{8A72EE50-118C-45D2-B5F8-BE128F399942}.Release|Any CPU.Build.0 = Release|Any CPU
		{FD1A9A58-F019-4C7B-B201-5928C263901C}.Debug|Any CPU.ActiveCfg = Debug|Any CPU
		{FD1A9A58-F019-4C7B-B201-5928C263901C}.Debug|Any CPU.Build.0 = Debug|Any CPU
		{FD1A9A58-F019-4C7B-B201-5928C263901C}.Release|Any CPU.ActiveCfg = Release|Any CPU
		{FD1A9A58-F019-4C7B-B201-5928C263901C}.Release|Any CPU.Build.0 = Release|Any CPU
	EndGlobalSection
	GlobalSection(SolutionProperties) = preSolution
		HideSolutionNode = FALSE
	EndGlobalSection
	GlobalSection(ExtensibilityGlobals) = postSolution
		SolutionGuid = {3BAB64C1-7ACD-4E62-99E7-A6BA6608F82C}
	EndGlobalSection
EndGlobal
