
Microsoft Visual Studio Solution File, Format Version 12.00
# Visual Studio Version 17
VisualStudioVersion = 17.3.32825.248
MinimumVisualStudioVersion = 10.0.40219.1
Project("{9A19103F-16F7-4668-BE54-9A1E7A4F7556}") = "Xelit3.Playground.Benchmarks", "Xelit3.Playground.Benchmarks\Xelit3.Playground.Benchmarks.csproj", "{0EE1E884-37D6-407B-B712-5D744AF62F5A}"
EndProject
Project("{9A19103F-16F7-4668-BE54-9A1E7A4F7556}") = "Xelit3.Playground.Model", "Xelit3.Playground.Model\Xelit3.Playground.Model.csproj", "{2D489611-4B14-4CD3-BAFA-8376D29A96AF}"
EndProject
Project("{9A19103F-16F7-4668-BE54-9A1E7A4F7556}") = "Xelit3.Playground.SqlServer", "Xelit3.Playground.SqlServer\Xelit3.Playground.SqlServer.csproj", "{8A72EE50-118C-45D2-B5F8-BE128F399942}"
EndProject
Project("{9A19103F-16F7-4668-BE54-9A1E7A4F7556}") = "Xelit3.Playground.Samples", "Xelit3.Playground.Samples\Xelit3.Playground.Samples.csproj", "{FD1A9A58-F019-4C7B-B201-5928C263901C}"
EndProject
Project("{2150E333-8FDC-42A3-9474-1A3956D46DE8}") = "1. Samples", "1. Samples", "{974129EE-4601-4759-82B9-8A8C345D05D1}"
EndProject
Project("{2150E333-8FDC-42A3-9474-1A3956D46DE8}") = "3. Shared", "3. Shared", "{7FD31CE0-795C-4686-8CD7-80C9841C4C9A}"
EndProject
Project("{2150E333-8FDC-42A3-9474-1A3956D46DE8}") = "2. Benchmarks", "2. Benchmarks", "{EE0A52EC-6CE9-4B29-A31E-9154319D6812}"
EndProject
Project("{9A19103F-16F7-4668-BE54-9A1E7A4F7556}") = "Xelit3.Playground.AspNetCore.AppSettings", "Xelit3.Playground.AspNetCore.AppSettings\Xelit3.Playground.AspNetCore.AppSettings.csproj", "{3CBED3E3-1844-4323-96FF-37B79F27A255}"
EndProject
Project("{2150E333-8FDC-42A3-9474-1A3956D46DE8}") = "5. Documentation", "5. Documentation", "{50E4A80A-FAB5-497D-9E54-047417409F96}"
	ProjectSection(SolutionItems) = preProject
		.editorConfig = .editorConfig
		..\README.md = ..\README.md
	EndProjectSection
EndProject
Project("{9A19103F-16F7-4668-BE54-9A1E7A4F7556}") = "Xelit3.Playground.BlazorWasm.Server", "Xelit3.Playground.BlazorWasm\Server\Xelit3.Playground.BlazorWasm.Server.csproj", "{D2314958-2A31-41C9-BBD6-B8310FF1FF90}"
EndProject
Project("{9A19103F-16F7-4668-BE54-9A1E7A4F7556}") = "Xelit3.Playground.BlazorWasm.Client", "Xelit3.Playground.BlazorWasm\Client\Xelit3.Playground.BlazorWasm.Client.csproj", "{5B4508EF-1FD5-4212-BE41-43D00E10AB28}"
EndProject
Project("{9A19103F-16F7-4668-BE54-9A1E7A4F7556}") = "Xelit3.Playground.BlazorWasm.Shared", "Xelit3.Playground.BlazorWasm\Shared\Xelit3.Playground.BlazorWasm.Shared.csproj", "{42EB6EA4-A779-40AD-B277-D53702C05C56}"
EndProject
Project("{2150E333-8FDC-42A3-9474-1A3956D46DE8}") = "1. AppSettings", "1. AppSettings", "{3253BB23-D711-4ED8-BF97-9EB907501260}"
EndProject
Project("{2150E333-8FDC-42A3-9474-1A3956D46DE8}") = "2. Blazor", "2. Blazor", "{FF11A4E5-C071-4E3E-A5D4-47719A079F7D}"
EndProject
Project("{2150E333-8FDC-42A3-9474-1A3956D46DE8}") = "3. Testing XP", "3. Testing XP", "{DBEE731C-7C6F-4C62-A0D6-B68D51AA4741}"
EndProject
Project("{9A19103F-16F7-4668-BE54-9A1E7A4F7556}") = "Xelit3.Playground.BlazorWasm.IntegrationTests", "..\tests\Xelit3.Playground.BlazorWasm.IntegrationTests\Xelit3.Playground.BlazorWasm.IntegrationTests.csproj", "{46A35C73-8218-49DE-8045-0AF314945BF3}"
EndProject
Project("{2150E333-8FDC-42A3-9474-1A3956D46DE8}") = "4. Dependency Injection", "4. Dependency Injection", "{D7E9D7D4-74C9-4DC9-B363-81F2E10EA62C}"
EndProject
Project("{9A19103F-16F7-4668-BE54-9A1E7A4F7556}") = "Xelit3.Playground.AspNetCore.DI", "Xelit3.Playground.AspNetCore.DI\Xelit3.Playground.AspNetCore.DI.csproj", "{564AE8E0-228A-4765-AC37-D44ED993601E}"
EndProject
Project("{9A19103F-16F7-4668-BE54-9A1E7A4F7556}") = "Xelit3.Playground.BlazorWasm.AutomationTests.Playwright", "..\tests\Xelit3.Playground.BlazorWasm.AutomationTests.Playwright\Xelit3.Playground.BlazorWasm.AutomationTests.Playwright.csproj", "{B3508BF8-A355-489B-B479-45A2E2C0CF35}"
EndProject
Project("{9A19103F-16F7-4668-BE54-9A1E7A4F7556}") = "Xelit3.Playground.Blazor.QuickGrid", "Xelit3.Playground.Blazor.QuickGrid\Xelit3.Playground.Blazor.QuickGrid.csproj", "{B3E72930-8C63-43F1-A8C0-864238FDA2ED}"
EndProject
Project("{2150E333-8FDC-42A3-9474-1A3956D46DE8}") = "5. Coding Style", "5. Coding Style", "{28775C97-A4C4-4880-8A08-22F5A4C7BAB9}"
EndProject
Project("{9A19103F-16F7-4668-BE54-9A1E7A4F7556}") = "Xelit3.Playground.CodingStyle", "Xelit3.Playground.CodingStyle\Xelit3.Playground.CodingStyle.csproj", "{2866CD25-8ECE-442E-A776-B2C08A660023}"
EndProject
Project("{2150E333-8FDC-42A3-9474-1A3956D46DE8}") = "4. Testing Strategy", "4. Testing Strategy", "{3EFBA585-5B3B-4508-901C-4E0E359FAE10}"
EndProject
Project("{9A19103F-16F7-4668-BE54-9A1E7A4F7556}") = "Xelit3.Playground.Users.WebApi", "Xelit3.Playground.Users.WebApi\Xelit3.Playground.Users.WebApi.csproj", "{E3A1391B-9021-41EC-A773-5A031A1D3AB2}"
EndProject
Project("{9A19103F-16F7-4668-BE54-9A1E7A4F7556}") = "Xelit3.Playground.Users.WebUI", "Xelit3.Playground.Users.WebUI\Xelit3.Playground.Users.WebUI.csproj", "{8B9C87A1-0572-48E4-A4DE-CC87B861C35A}"
EndProject
Project("{9A19103F-16F7-4668-BE54-9A1E7A4F7556}") = "Xelit3.Playground.Users.Shared", "Xelit3.Playground.Users.Shared\Xelit3.Playground.Users.Shared.csproj", "{F6E9EF93-449A-45A8-AD9E-BC00DB7E77E0}"
EndProject
Project("{9A19103F-16F7-4668-BE54-9A1E7A4F7556}") = "Xelit3.Playground.Users.Tests", "Xelit3.Playground.Users.Tests\Xelit3.Playground.Users.Tests.csproj", "{D5946A0D-1048-4B01-8A8C-9572423A8EDF}"
EndProject
Project("{2150E333-8FDC-42A3-9474-1A3956D46DE8}") = "6. APIs", "6. APIs", "{D6750043-FF2C-4A4A-A83F-D22B0C2F1FA7}"
EndProject
Project("{9A19103F-16F7-4668-BE54-9A1E7A4F7556}") = "Xelit3.Playground.API.Grpc", "Xelit3.Playground.API.Grpc\Xelit3.Playground.API.Grpc.csproj", "{57DF47B1-D4DC-4BB0-9C26-F6783A7D12BE}"
EndProject
Project("{9A19103F-16F7-4668-BE54-9A1E7A4F7556}") = "Xelit3.Playground.API.Shared", "Xelit3.Playground.API.Shared\Xelit3.Playground.API.Shared.csproj", "{99FB3E82-196E-4770-A0B3-860B0D7E7A51}"
EndProject
Project("{9A19103F-16F7-4668-BE54-9A1E7A4F7556}") = "Xelit3.Playground.API.Grpc.Client", "Xelit3.Playground.API.Grpc.Client\Xelit3.Playground.API.Grpc.Client.csproj", "{7599258D-E10C-4128-A0C4-25DF40DCC4D9}"
EndProject
Project("{2150E333-8FDC-42A3-9474-1A3956D46DE8}") = "7. Auth", "7. Auth", "{8764D644-DDE8-4E91-941B-6BC7A541A6AD}"
EndProject
Project("{9A19103F-16F7-4668-BE54-9A1E7A4F7556}") = "Xelit3.Playground.Identity", "Xelit3.Playground.Identity\Xelit3.Playground.Identity.csproj", "{CC187873-181D-4FF5-B708-10A0E29E30EF}"
EndProject
Project("{9A19103F-16F7-4668-BE54-9A1E7A4F7556}") = "Xelit3.Playground.JWT", "Xelit3.Playground.JWT\Xelit3.Playground.JWT.csproj", "{DFF23B5C-2CB3-4AC1-ABC4-CEBFB78876B4}"
EndProject
Project("{FAE04EC0-301F-11D3-BF4B-00C04F79EFBC}") = "Xelit3.Playground.BlazorServer", "Xelit3.Playground.BlazorServer\Xelit3.Playground.BlazorServer.csproj", "{5490B01A-1A99-4F61-8821-4D80E4B9801B}"
EndProject
Project("{FAE04EC0-301F-11D3-BF4B-00C04F79EFBC}") = "Xelit3.Playground.API.GraphQL", "Xelit3.Playground.API.GraphQL\Xelit3.Playground.API.GraphQL.csproj", "{C3A758B7-5636-40A8-8759-D44BDDE75DFA}"
EndProject
Global
	GlobalSection(SolutionConfigurationPlatforms) = preSolution
		Debug|Any CPU = Debug|Any CPU
		Release|Any CPU = Release|Any CPU
	EndGlobalSection
	GlobalSection(ProjectConfigurationPlatforms) = postSolution
		{0EE1E884-37D6-407B-B712-5D744AF62F5A}.Debug|Any CPU.ActiveCfg = Debug|Any CPU
		{0EE1E884-37D6-407B-B712-5D744AF62F5A}.Debug|Any CPU.Build.0 = Debug|Any CPU
		{0EE1E884-37D6-407B-B712-5D744AF62F5A}.Release|Any CPU.ActiveCfg = Release|Any CPU
		{0EE1E884-37D6-407B-B712-5D744AF62F5A}.Release|Any CPU.Build.0 = Release|Any CPU
		{2D489611-4B14-4CD3-BAFA-8376D29A96AF}.Debug|Any CPU.ActiveCfg = Debug|Any CPU
		{2D489611-4B14-4CD3-BAFA-8376D29A96AF}.Debug|Any CPU.Build.0 = Debug|Any CPU
		{2D489611-4B14-4CD3-BAFA-8376D29A96AF}.Release|Any CPU.ActiveCfg = Release|Any CPU
		{2D489611-4B14-4CD3-BAFA-8376D29A96AF}.Release|Any CPU.Build.0 = Release|Any CPU
		{8A72EE50-118C-45D2-B5F8-BE128F399942}.Debug|Any CPU.ActiveCfg = Debug|Any CPU
		{8A72EE50-118C-45D2-B5F8-BE128F399942}.Debug|Any CPU.Build.0 = Debug|Any CPU
		{8A72EE50-118C-45D2-B5F8-BE128F399942}.Release|Any CPU.ActiveCfg = Release|Any CPU
		{8A72EE50-118C-45D2-B5F8-BE128F399942}.Release|Any CPU.Build.0 = Release|Any CPU
		{FD1A9A58-F019-4C7B-B201-5928C263901C}.Debug|Any CPU.ActiveCfg = Debug|Any CPU
		{FD1A9A58-F019-4C7B-B201-5928C263901C}.Debug|Any CPU.Build.0 = Debug|Any CPU
		{FD1A9A58-F019-4C7B-B201-5928C263901C}.Release|Any CPU.ActiveCfg = Release|Any CPU
		{FD1A9A58-F019-4C7B-B201-5928C263901C}.Release|Any CPU.Build.0 = Release|Any CPU
		{3CBED3E3-1844-4323-96FF-37B79F27A255}.Debug|Any CPU.ActiveCfg = Debug|Any CPU
		{3CBED3E3-1844-4323-96FF-37B79F27A255}.Debug|Any CPU.Build.0 = Debug|Any CPU
		{3CBED3E3-1844-4323-96FF-37B79F27A255}.Release|Any CPU.ActiveCfg = Release|Any CPU
		{3CBED3E3-1844-4323-96FF-37B79F27A255}.Release|Any CPU.Build.0 = Release|Any CPU
		{D2314958-2A31-41C9-BBD6-B8310FF1FF90}.Debug|Any CPU.ActiveCfg = Debug|Any CPU
		{D2314958-2A31-41C9-BBD6-B8310FF1FF90}.Debug|Any CPU.Build.0 = Debug|Any CPU
		{D2314958-2A31-41C9-BBD6-B8310FF1FF90}.Release|Any CPU.ActiveCfg = Release|Any CPU
		{D2314958-2A31-41C9-BBD6-B8310FF1FF90}.Release|Any CPU.Build.0 = Release|Any CPU
		{5B4508EF-1FD5-4212-BE41-43D00E10AB28}.Debug|Any CPU.ActiveCfg = Debug|Any CPU
		{5B4508EF-1FD5-4212-BE41-43D00E10AB28}.Debug|Any CPU.Build.0 = Debug|Any CPU
		{5B4508EF-1FD5-4212-BE41-43D00E10AB28}.Release|Any CPU.ActiveCfg = Release|Any CPU
		{5B4508EF-1FD5-4212-BE41-43D00E10AB28}.Release|Any CPU.Build.0 = Release|Any CPU
		{42EB6EA4-A779-40AD-B277-D53702C05C56}.Debug|Any CPU.ActiveCfg = Debug|Any CPU
		{42EB6EA4-A779-40AD-B277-D53702C05C56}.Debug|Any CPU.Build.0 = Debug|Any CPU
		{42EB6EA4-A779-40AD-B277-D53702C05C56}.Release|Any CPU.ActiveCfg = Release|Any CPU
		{42EB6EA4-A779-40AD-B277-D53702C05C56}.Release|Any CPU.Build.0 = Release|Any CPU
		{46A35C73-8218-49DE-8045-0AF314945BF3}.Debug|Any CPU.ActiveCfg = Debug|Any CPU
		{46A35C73-8218-49DE-8045-0AF314945BF3}.Debug|Any CPU.Build.0 = Debug|Any CPU
		{46A35C73-8218-49DE-8045-0AF314945BF3}.Release|Any CPU.ActiveCfg = Release|Any CPU
		{46A35C73-8218-49DE-8045-0AF314945BF3}.Release|Any CPU.Build.0 = Release|Any CPU
		{564AE8E0-228A-4765-AC37-D44ED993601E}.Debug|Any CPU.ActiveCfg = Debug|Any CPU
		{564AE8E0-228A-4765-AC37-D44ED993601E}.Debug|Any CPU.Build.0 = Debug|Any CPU
		{564AE8E0-228A-4765-AC37-D44ED993601E}.Release|Any CPU.ActiveCfg = Release|Any CPU
		{564AE8E0-228A-4765-AC37-D44ED993601E}.Release|Any CPU.Build.0 = Release|Any CPU
		{B3508BF8-A355-489B-B479-45A2E2C0CF35}.Debug|Any CPU.ActiveCfg = Debug|Any CPU
		{B3508BF8-A355-489B-B479-45A2E2C0CF35}.Debug|Any CPU.Build.0 = Debug|Any CPU
		{B3508BF8-A355-489B-B479-45A2E2C0CF35}.Release|Any CPU.ActiveCfg = Release|Any CPU
		{B3508BF8-A355-489B-B479-45A2E2C0CF35}.Release|Any CPU.Build.0 = Release|Any CPU
		{B3E72930-8C63-43F1-A8C0-864238FDA2ED}.Debug|Any CPU.ActiveCfg = Debug|Any CPU
		{B3E72930-8C63-43F1-A8C0-864238FDA2ED}.Debug|Any CPU.Build.0 = Debug|Any CPU
		{B3E72930-8C63-43F1-A8C0-864238FDA2ED}.Release|Any CPU.ActiveCfg = Release|Any CPU
		{B3E72930-8C63-43F1-A8C0-864238FDA2ED}.Release|Any CPU.Build.0 = Release|Any CPU
		{2866CD25-8ECE-442E-A776-B2C08A660023}.Debug|Any CPU.ActiveCfg = Debug|Any CPU
		{2866CD25-8ECE-442E-A776-B2C08A660023}.Debug|Any CPU.Build.0 = Debug|Any CPU
		{2866CD25-8ECE-442E-A776-B2C08A660023}.Release|Any CPU.ActiveCfg = Release|Any CPU
		{2866CD25-8ECE-442E-A776-B2C08A660023}.Release|Any CPU.Build.0 = Release|Any CPU
		{E3A1391B-9021-41EC-A773-5A031A1D3AB2}.Debug|Any CPU.ActiveCfg = Debug|Any CPU
		{E3A1391B-9021-41EC-A773-5A031A1D3AB2}.Debug|Any CPU.Build.0 = Debug|Any CPU
		{E3A1391B-9021-41EC-A773-5A031A1D3AB2}.Release|Any CPU.ActiveCfg = Release|Any CPU
		{E3A1391B-9021-41EC-A773-5A031A1D3AB2}.Release|Any CPU.Build.0 = Release|Any CPU
		{8B9C87A1-0572-48E4-A4DE-CC87B861C35A}.Debug|Any CPU.ActiveCfg = Debug|Any CPU
		{8B9C87A1-0572-48E4-A4DE-CC87B861C35A}.Debug|Any CPU.Build.0 = Debug|Any CPU
		{8B9C87A1-0572-48E4-A4DE-CC87B861C35A}.Release|Any CPU.ActiveCfg = Release|Any CPU
		{8B9C87A1-0572-48E4-A4DE-CC87B861C35A}.Release|Any CPU.Build.0 = Release|Any CPU
		{F6E9EF93-449A-45A8-AD9E-BC00DB7E77E0}.Debug|Any CPU.ActiveCfg = Debug|Any CPU
		{F6E9EF93-449A-45A8-AD9E-BC00DB7E77E0}.Debug|Any CPU.Build.0 = Debug|Any CPU
		{F6E9EF93-449A-45A8-AD9E-BC00DB7E77E0}.Release|Any CPU.ActiveCfg = Release|Any CPU
		{F6E9EF93-449A-45A8-AD9E-BC00DB7E77E0}.Release|Any CPU.Build.0 = Release|Any CPU
		{D5946A0D-1048-4B01-8A8C-9572423A8EDF}.Debug|Any CPU.ActiveCfg = Debug|Any CPU
		{D5946A0D-1048-4B01-8A8C-9572423A8EDF}.Debug|Any CPU.Build.0 = Debug|Any CPU
		{D5946A0D-1048-4B01-8A8C-9572423A8EDF}.Release|Any CPU.ActiveCfg = Release|Any CPU
		{D5946A0D-1048-4B01-8A8C-9572423A8EDF}.Release|Any CPU.Build.0 = Release|Any CPU
		{57DF47B1-D4DC-4BB0-9C26-F6783A7D12BE}.Debug|Any CPU.ActiveCfg = Debug|Any CPU
		{57DF47B1-D4DC-4BB0-9C26-F6783A7D12BE}.Debug|Any CPU.Build.0 = Debug|Any CPU
		{57DF47B1-D4DC-4BB0-9C26-F6783A7D12BE}.Release|Any CPU.ActiveCfg = Release|Any CPU
		{57DF47B1-D4DC-4BB0-9C26-F6783A7D12BE}.Release|Any CPU.Build.0 = Release|Any CPU
		{99FB3E82-196E-4770-A0B3-860B0D7E7A51}.Debug|Any CPU.ActiveCfg = Debug|Any CPU
		{99FB3E82-196E-4770-A0B3-860B0D7E7A51}.Debug|Any CPU.Build.0 = Debug|Any CPU
		{99FB3E82-196E-4770-A0B3-860B0D7E7A51}.Release|Any CPU.ActiveCfg = Release|Any CPU
		{99FB3E82-196E-4770-A0B3-860B0D7E7A51}.Release|Any CPU.Build.0 = Release|Any CPU
		{7599258D-E10C-4128-A0C4-25DF40DCC4D9}.Debug|Any CPU.ActiveCfg = Debug|Any CPU
		{7599258D-E10C-4128-A0C4-25DF40DCC4D9}.Debug|Any CPU.Build.0 = Debug|Any CPU
		{7599258D-E10C-4128-A0C4-25DF40DCC4D9}.Release|Any CPU.ActiveCfg = Release|Any CPU
		{7599258D-E10C-4128-A0C4-25DF40DCC4D9}.Release|Any CPU.Build.0 = Release|Any CPU
		{CC187873-181D-4FF5-B708-10A0E29E30EF}.Debug|Any CPU.ActiveCfg = Debug|Any CPU
		{CC187873-181D-4FF5-B708-10A0E29E30EF}.Debug|Any CPU.Build.0 = Debug|Any CPU
		{CC187873-181D-4FF5-B708-10A0E29E30EF}.Release|Any CPU.ActiveCfg = Release|Any CPU
		{CC187873-181D-4FF5-B708-10A0E29E30EF}.Release|Any CPU.Build.0 = Release|Any CPU
		{DFF23B5C-2CB3-4AC1-ABC4-CEBFB78876B4}.Debug|Any CPU.ActiveCfg = Debug|Any CPU
		{DFF23B5C-2CB3-4AC1-ABC4-CEBFB78876B4}.Debug|Any CPU.Build.0 = Debug|Any CPU
		{DFF23B5C-2CB3-4AC1-ABC4-CEBFB78876B4}.Release|Any CPU.ActiveCfg = Release|Any CPU
		{DFF23B5C-2CB3-4AC1-ABC4-CEBFB78876B4}.Release|Any CPU.Build.0 = Release|Any CPU
		{5490B01A-1A99-4F61-8821-4D80E4B9801B}.Debug|Any CPU.ActiveCfg = Debug|Any CPU
		{5490B01A-1A99-4F61-8821-4D80E4B9801B}.Debug|Any CPU.Build.0 = Debug|Any CPU
		{5490B01A-1A99-4F61-8821-4D80E4B9801B}.Release|Any CPU.ActiveCfg = Release|Any CPU
		{5490B01A-1A99-4F61-8821-4D80E4B9801B}.Release|Any CPU.Build.0 = Release|Any CPU
		{C3A758B7-5636-40A8-8759-D44BDDE75DFA}.Debug|Any CPU.ActiveCfg = Debug|Any CPU
		{C3A758B7-5636-40A8-8759-D44BDDE75DFA}.Debug|Any CPU.Build.0 = Debug|Any CPU
		{C3A758B7-5636-40A8-8759-D44BDDE75DFA}.Release|Any CPU.ActiveCfg = Release|Any CPU
		{C3A758B7-5636-40A8-8759-D44BDDE75DFA}.Release|Any CPU.Build.0 = Release|Any CPU
	EndGlobalSection
	GlobalSection(SolutionProperties) = preSolution
		HideSolutionNode = FALSE
	EndGlobalSection
	GlobalSection(NestedProjects) = preSolution
		{0EE1E884-37D6-407B-B712-5D744AF62F5A} = {EE0A52EC-6CE9-4B29-A31E-9154319D6812}
		{2D489611-4B14-4CD3-BAFA-8376D29A96AF} = {7FD31CE0-795C-4686-8CD7-80C9841C4C9A}
		{8A72EE50-118C-45D2-B5F8-BE128F399942} = {7FD31CE0-795C-4686-8CD7-80C9841C4C9A}
		{FD1A9A58-F019-4C7B-B201-5928C263901C} = {EE0A52EC-6CE9-4B29-A31E-9154319D6812}
		{3CBED3E3-1844-4323-96FF-37B79F27A255} = {3253BB23-D711-4ED8-BF97-9EB907501260}
		{D2314958-2A31-41C9-BBD6-B8310FF1FF90} = {FF11A4E5-C071-4E3E-A5D4-47719A079F7D}
		{5B4508EF-1FD5-4212-BE41-43D00E10AB28} = {FF11A4E5-C071-4E3E-A5D4-47719A079F7D}
		{42EB6EA4-A779-40AD-B277-D53702C05C56} = {FF11A4E5-C071-4E3E-A5D4-47719A079F7D}
		{3253BB23-D711-4ED8-BF97-9EB907501260} = {974129EE-4601-4759-82B9-8A8C345D05D1}
		{FF11A4E5-C071-4E3E-A5D4-47719A079F7D} = {974129EE-4601-4759-82B9-8A8C345D05D1}
		{DBEE731C-7C6F-4C62-A0D6-B68D51AA4741} = {974129EE-4601-4759-82B9-8A8C345D05D1}
		{46A35C73-8218-49DE-8045-0AF314945BF3} = {DBEE731C-7C6F-4C62-A0D6-B68D51AA4741}
		{D7E9D7D4-74C9-4DC9-B363-81F2E10EA62C} = {974129EE-4601-4759-82B9-8A8C345D05D1}
		{564AE8E0-228A-4765-AC37-D44ED993601E} = {D7E9D7D4-74C9-4DC9-B363-81F2E10EA62C}
		{B3508BF8-A355-489B-B479-45A2E2C0CF35} = {DBEE731C-7C6F-4C62-A0D6-B68D51AA4741}
		{B3E72930-8C63-43F1-A8C0-864238FDA2ED} = {FF11A4E5-C071-4E3E-A5D4-47719A079F7D}
		{28775C97-A4C4-4880-8A08-22F5A4C7BAB9} = {974129EE-4601-4759-82B9-8A8C345D05D1}
		{2866CD25-8ECE-442E-A776-B2C08A660023} = {28775C97-A4C4-4880-8A08-22F5A4C7BAB9}
		{E3A1391B-9021-41EC-A773-5A031A1D3AB2} = {3EFBA585-5B3B-4508-901C-4E0E359FAE10}
		{8B9C87A1-0572-48E4-A4DE-CC87B861C35A} = {3EFBA585-5B3B-4508-901C-4E0E359FAE10}
		{F6E9EF93-449A-45A8-AD9E-BC00DB7E77E0} = {3EFBA585-5B3B-4508-901C-4E0E359FAE10}
		{D5946A0D-1048-4B01-8A8C-9572423A8EDF} = {3EFBA585-5B3B-4508-901C-4E0E359FAE10}
		{D6750043-FF2C-4A4A-A83F-D22B0C2F1FA7} = {974129EE-4601-4759-82B9-8A8C345D05D1}
		{57DF47B1-D4DC-4BB0-9C26-F6783A7D12BE} = {D6750043-FF2C-4A4A-A83F-D22B0C2F1FA7}
		{99FB3E82-196E-4770-A0B3-860B0D7E7A51} = {D6750043-FF2C-4A4A-A83F-D22B0C2F1FA7}
		{7599258D-E10C-4128-A0C4-25DF40DCC4D9} = {D6750043-FF2C-4A4A-A83F-D22B0C2F1FA7}
		{8764D644-DDE8-4E91-941B-6BC7A541A6AD} = {974129EE-4601-4759-82B9-8A8C345D05D1}
		{CC187873-181D-4FF5-B708-10A0E29E30EF} = {8764D644-DDE8-4E91-941B-6BC7A541A6AD}
		{DFF23B5C-2CB3-4AC1-ABC4-CEBFB78876B4} = {8764D644-DDE8-4E91-941B-6BC7A541A6AD}
		{5490B01A-1A99-4F61-8821-4D80E4B9801B} = {FF11A4E5-C071-4E3E-A5D4-47719A079F7D}
		{C3A758B7-5636-40A8-8759-D44BDDE75DFA} = {D6750043-FF2C-4A4A-A83F-D22B0C2F1FA7}
	EndGlobalSection
	GlobalSection(ExtensibilityGlobals) = postSolution
		SolutionGuid = {3BAB64C1-7ACD-4E62-99E7-A6BA6608F82C}
	EndGlobalSection
EndGlobal
